// !$*UTF8*$!
{
	archiveVersion = 1;
	classes = {
	};
	objectVersion = 46;
	objects = {

/* Begin PBXBuildFile section */
		5F7163991B745D2100E98B3B /* main.m in Sources */ = {isa = PBXBuildFile; fileRef = 5F7163981B745D2100E98B3B /* main.m */; };
		5F71639C1B745D2100E98B3B /* AppDelegate.m in Sources */ = {isa = PBXBuildFile; fileRef = 5F71639B1B745D2100E98B3B /* AppDelegate.m */; };
		5F71639F1B745D2100E98B3B /* Hackerati1.xcdatamodeld in Sources */ = {isa = PBXBuildFile; fileRef = 5F71639D1B745D2100E98B3B /* Hackerati1.xcdatamodeld */; };
		5F7163A21B745D2100E98B3B /* MasterViewController.m in Sources */ = {isa = PBXBuildFile; fileRef = 5F7163A11B745D2100E98B3B /* MasterViewController.m */; };
		5F7163A51B745D2100E98B3B /* DetailViewController.m in Sources */ = {isa = PBXBuildFile; fileRef = 5F7163A41B745D2100E98B3B /* DetailViewController.m */; };
		5F7163A81B745D2100E98B3B /* Main.storyboard in Resources */ = {isa = PBXBuildFile; fileRef = 5F7163A61B745D2100E98B3B /* Main.storyboard */; };
		5F7163AA1B745D2100E98B3B /* Images.xcassets in Resources */ = {isa = PBXBuildFile; fileRef = 5F7163A91B745D2100E98B3B /* Images.xcassets */; };
		5F7163AD1B745D2100E98B3B /* LaunchScreen.xib in Resources */ = {isa = PBXBuildFile; fileRef = 5F7163AB1B745D2100E98B3B /* LaunchScreen.xib */; };
		5F7163B91B745D2100E98B3B /* Hackerati1Tests.m in Sources */ = {isa = PBXBuildFile; fileRef = 5F7163B81B745D2100E98B3B /* Hackerati1Tests.m */; };
		5F71642C1B746EA700E98B3B /* DefaultValues.plist in Resources */ = {isa = PBXBuildFile; fileRef = 5F71642B1B746EA700E98B3B /* DefaultValues.plist */; };
		5F71642D1B746EA700E98B3B /* DefaultValues.plist in Resources */ = {isa = PBXBuildFile; fileRef = 5F71642B1B746EA700E98B3B /* DefaultValues.plist */; };
		5F7167EC1B75055900E98B3B /* Updated.m in Sources */ = {isa = PBXBuildFile; fileRef = 5F7167EB1B75055900E98B3B /* Updated.m */; };
		5F7167ED1B75055900E98B3B /* Updated.m in Sources */ = {isa = PBXBuildFile; fileRef = 5F7167EB1B75055900E98B3B /* Updated.m */; };
		5F7167F01B75055A00E98B3B /* Rights.m in Sources */ = {isa = PBXBuildFile; fileRef = 5F7167EF1B75055A00E98B3B /* Rights.m */; };
		5F7167F11B75055A00E98B3B /* Rights.m in Sources */ = {isa = PBXBuildFile; fileRef = 5F7167EF1B75055A00E98B3B /* Rights.m */; };
		5F7167F41B75055A00E98B3B /* ContentTypeAttributes.m in Sources */ = {isa = PBXBuildFile; fileRef = 5F7167F31B75055A00E98B3B /* ContentTypeAttributes.m */; };
		5F7167F51B75055A00E98B3B /* ContentTypeAttributes.m in Sources */ = {isa = PBXBuildFile; fileRef = 5F7167F31B75055A00E98B3B /* ContentTypeAttributes.m */; };
		5F7167F81B75055A00E98B3B /* Uri.m in Sources */ = {isa = PBXBuildFile; fileRef = 5F7167F71B75055A00E98B3B /* Uri.m */; };
		5F7167F91B75055A00E98B3B /* Uri.m in Sources */ = {isa = PBXBuildFile; fileRef = 5F7167F71B75055A00E98B3B /* Uri.m */; };
		5F7167FC1B75055A00E98B3B /* ArtistAttributes.m in Sources */ = {isa = PBXBuildFile; fileRef = 5F7167FB1B75055A00E98B3B /* ArtistAttributes.m */; };
		5F7167FD1B75055A00E98B3B /* ArtistAttributes.m in Sources */ = {isa = PBXBuildFile; fileRef = 5F7167FB1B75055A00E98B3B /* ArtistAttributes.m */; };
		5F7168001B75055A00E98B3B /* Categary.m in Sources */ = {isa = PBXBuildFile; fileRef = 5F7167FF1B75055A00E98B3B /* Categary.m */; };
		5F7168011B75055A00E98B3B /* Categary.m in Sources */ = {isa = PBXBuildFile; fileRef = 5F7167FF1B75055A00E98B3B /* Categary.m */; };
		5F7168041B75055A00E98B3B /* CategoryAttributes.m in Sources */ = {isa = PBXBuildFile; fileRef = 5F7168031B75055A00E98B3B /* CategoryAttributes.m */; };
		5F7168051B75055A00E98B3B /* CategoryAttributes.m in Sources */ = {isa = PBXBuildFile; fileRef = 5F7168031B75055A00E98B3B /* CategoryAttributes.m */; };
		5F7168081B75055A00E98B3B /* Icon.m in Sources */ = {isa = PBXBuildFile; fileRef = 5F7168071B75055A00E98B3B /* Icon.m */; };
		5F7168091B75055A00E98B3B /* Icon.m in Sources */ = {isa = PBXBuildFile; fileRef = 5F7168071B75055A00E98B3B /* Icon.m */; };
		5F71680C1B75055B00E98B3B /* PriceAttributes.m in Sources */ = {isa = PBXBuildFile; fileRef = 5F71680B1B75055B00E98B3B /* PriceAttributes.m */; };
		5F71680D1B75055B00E98B3B /* PriceAttributes.m in Sources */ = {isa = PBXBuildFile; fileRef = 5F71680B1B75055B00E98B3B /* PriceAttributes.m */; };
		5F7168101B75055B00E98B3B /* ArchivedFeeds.m in Sources */ = {isa = PBXBuildFile; fileRef = 5F71680F1B75055B00E98B3B /* ArchivedFeeds.m */; };
		5F7168111B75055B00E98B3B /* ArchivedFeeds.m in Sources */ = {isa = PBXBuildFile; fileRef = 5F71680F1B75055B00E98B3B /* ArchivedFeeds.m */; };
		5F7168141B75055B00E98B3B /* Image.m in Sources */ = {isa = PBXBuildFile; fileRef = 5F7168131B75055B00E98B3B /* Image.m */; };
		5F7168151B75055B00E98B3B /* Image.m in Sources */ = {isa = PBXBuildFile; fileRef = 5F7168131B75055B00E98B3B /* Image.m */; };
		5F7168181B75055B00E98B3B /* Name.m in Sources */ = {isa = PBXBuildFile; fileRef = 5F7168171B75055B00E98B3B /* Name.m */; };
		5F7168191B75055B00E98B3B /* Name.m in Sources */ = {isa = PBXBuildFile; fileRef = 5F7168171B75055B00E98B3B /* Name.m */; };
		5F71681C1B75055B00E98B3B /* LinkAttributes.m in Sources */ = {isa = PBXBuildFile; fileRef = 5F71681B1B75055B00E98B3B /* LinkAttributes.m */; };
		5F71681D1B75055B00E98B3B /* LinkAttributes.m in Sources */ = {isa = PBXBuildFile; fileRef = 5F71681B1B75055B00E98B3B /* LinkAttributes.m */; };
		5F7168201B75055B00E98B3B /* ReleaseDateAttributes.m in Sources */ = {isa = PBXBuildFile; fileRef = 5F71681F1B75055B00E98B3B /* ReleaseDateAttributes.m */; };
		5F7168211B75055B00E98B3B /* ReleaseDateAttributes.m in Sources */ = {isa = PBXBuildFile; fileRef = 5F71681F1B75055B00E98B3B /* ReleaseDateAttributes.m */; };
		5F7168241B75055B00E98B3B /* Price.m in Sources */ = {isa = PBXBuildFile; fileRef = 5F7168231B75055B00E98B3B /* Price.m */; };
		5F7168251B75055B00E98B3B /* Price.m in Sources */ = {isa = PBXBuildFile; fileRef = 5F7168231B75055B00E98B3B /* Price.m */; };
		5F7168281B75055B00E98B3B /* Author.m in Sources */ = {isa = PBXBuildFile; fileRef = 5F7168271B75055B00E98B3B /* Author.m */; };
		5F7168291B75055B00E98B3B /* Author.m in Sources */ = {isa = PBXBuildFile; fileRef = 5F7168271B75055B00E98B3B /* Author.m */; };
		5F71682C1B75055C00E98B3B /* ImageAttributes.m in Sources */ = {isa = PBXBuildFile; fileRef = 5F71682B1B75055C00E98B3B /* ImageAttributes.m */; };
		5F71682D1B75055C00E98B3B /* ImageAttributes.m in Sources */ = {isa = PBXBuildFile; fileRef = 5F71682B1B75055C00E98B3B /* ImageAttributes.m */; };
		5F7168301B75055C00E98B3B /* Artist.m in Sources */ = {isa = PBXBuildFile; fileRef = 5F71682F1B75055C00E98B3B /* Artist.m */; };
		5F7168311B75055C00E98B3B /* Artist.m in Sources */ = {isa = PBXBuildFile; fileRef = 5F71682F1B75055C00E98B3B /* Artist.m */; };
		5F7168341B75055C00E98B3B /* Feed.m in Sources */ = {isa = PBXBuildFile; fileRef = 5F7168331B75055C00E98B3B /* Feed.m */; };
		5F7168351B75055C00E98B3B /* Feed.m in Sources */ = {isa = PBXBuildFile; fileRef = 5F7168331B75055C00E98B3B /* Feed.m */; };
		5F7168381B75055C00E98B3B /* Summary.m in Sources */ = {isa = PBXBuildFile; fileRef = 5F7168371B75055C00E98B3B /* Summary.m */; };
		5F7168391B75055C00E98B3B /* Summary.m in Sources */ = {isa = PBXBuildFile; fileRef = 5F7168371B75055C00E98B3B /* Summary.m */; };
		5F71683C1B75055C00E98B3B /* ContentType.m in Sources */ = {isa = PBXBuildFile; fileRef = 5F71683B1B75055C00E98B3B /* ContentType.m */; };
		5F71683D1B75055C00E98B3B /* ContentType.m in Sources */ = {isa = PBXBuildFile; fileRef = 5F71683B1B75055C00E98B3B /* ContentType.m */; };
		5F7168401B75055C00E98B3B /* Link.m in Sources */ = {isa = PBXBuildFile; fileRef = 5F71683F1B75055C00E98B3B /* Link.m */; };
		5F7168411B75055C00E98B3B /* Link.m in Sources */ = {isa = PBXBuildFile; fileRef = 5F71683F1B75055C00E98B3B /* Link.m */; };
		5F7168441B75055C00E98B3B /* IdAttributes.m in Sources */ = {isa = PBXBuildFile; fileRef = 5F7168431B75055C00E98B3B /* IdAttributes.m */; };
		5F7168451B75055C00E98B3B /* IdAttributes.m in Sources */ = {isa = PBXBuildFile; fileRef = 5F7168431B75055C00E98B3B /* IdAttributes.m */; };
		5F7168481B75055C00E98B3B /* ReleaseDate.m in Sources */ = {isa = PBXBuildFile; fileRef = 5F7168471B75055C00E98B3B /* ReleaseDate.m */; };
		5F7168491B75055C00E98B3B /* ReleaseDate.m in Sources */ = {isa = PBXBuildFile; fileRef = 5F7168471B75055C00E98B3B /* ReleaseDate.m */; };
		5F71684C1B75055D00E98B3B /* Event.m in Sources */ = {isa = PBXBuildFile; fileRef = 5F71684B1B75055D00E98B3B /* Event.m */; };
		5F71684D1B75055D00E98B3B /* Event.m in Sources */ = {isa = PBXBuildFile; fileRef = 5F71684B1B75055D00E98B3B /* Event.m */; };
		5F7168501B75055D00E98B3B /* Entry.m in Sources */ = {isa = PBXBuildFile; fileRef = 5F71684F1B75055D00E98B3B /* Entry.m */; };
		5F7168511B75055D00E98B3B /* Entry.m in Sources */ = {isa = PBXBuildFile; fileRef = 5F71684F1B75055D00E98B3B /* Entry.m */; };
		5F7168541B75055D00E98B3B /* Title.m in Sources */ = {isa = PBXBuildFile; fileRef = 5F7168531B75055D00E98B3B /* Title.m */; };
		5F7168551B75055D00E98B3B /* Title.m in Sources */ = {isa = PBXBuildFile; fileRef = 5F7168531B75055D00E98B3B /* Title.m */; };
		5F7168581B75055D00E98B3B /* Id.m in Sources */ = {isa = PBXBuildFile; fileRef = 5F7168571B75055D00E98B3B /* Id.m */; };
		5F7168591B75055D00E98B3B /* Id.m in Sources */ = {isa = PBXBuildFile; fileRef = 5F7168571B75055D00E98B3B /* Id.m */; };
/* End PBXBuildFile section */

/* Begin PBXContainerItemProxy section */
		5F7163B31B745D2100E98B3B /* PBXContainerItemProxy */ = {
			isa = PBXContainerItemProxy;
			containerPortal = 5F71638B1B745D2100E98B3B /* Project object */;
			proxyType = 1;
			remoteGlobalIDString = 5F7163921B745D2100E98B3B;
			remoteInfo = Hackerati1;
		};
/* End PBXContainerItemProxy section */

/* Begin PBXFileReference section */
		5F7163931B745D2100E98B3B /* Hackerati1.app */ = {isa = PBXFileReference; explicitFileType = wrapper.application; includeInIndex = 0; path = Hackerati1.app; sourceTree = BUILT_PRODUCTS_DIR; };
		5F7163971B745D2100E98B3B /* Info.plist */ = {isa = PBXFileReference; lastKnownFileType = text.plist.xml; path = Info.plist; sourceTree = "<group>"; };
		5F7163981B745D2100E98B3B /* main.m */ = {isa = PBXFileReference; lastKnownFileType = sourcecode.c.objc; path = main.m; sourceTree = "<group>"; };
		5F71639A1B745D2100E98B3B /* AppDelegate.h */ = {isa = PBXFileReference; lastKnownFileType = sourcecode.c.h; path = AppDelegate.h; sourceTree = "<group>"; };
		5F71639B1B745D2100E98B3B /* AppDelegate.m */ = {isa = PBXFileReference; lastKnownFileType = sourcecode.c.objc; path = AppDelegate.m; sourceTree = "<group>"; };
		5F71639E1B745D2100E98B3B /* Hackerati1.xcdatamodel */ = {isa = PBXFileReference; lastKnownFileType = wrapper.xcdatamodel; path = Hackerati1.xcdatamodel; sourceTree = "<group>"; };
		5F7163A01B745D2100E98B3B /* MasterViewController.h */ = {isa = PBXFileReference; lastKnownFileType = sourcecode.c.h; path = MasterViewController.h; sourceTree = "<group>"; };
		5F7163A11B745D2100E98B3B /* MasterViewController.m */ = {isa = PBXFileReference; lastKnownFileType = sourcecode.c.objc; path = MasterViewController.m; sourceTree = "<group>"; };
		5F7163A31B745D2100E98B3B /* DetailViewController.h */ = {isa = PBXFileReference; lastKnownFileType = sourcecode.c.h; path = DetailViewController.h; sourceTree = "<group>"; };
		5F7163A41B745D2100E98B3B /* DetailViewController.m */ = {isa = PBXFileReference; lastKnownFileType = sourcecode.c.objc; path = DetailViewController.m; sourceTree = "<group>"; };
		5F7163A71B745D2100E98B3B /* Base */ = {isa = PBXFileReference; lastKnownFileType = file.storyboard; name = Base; path = Base.lproj/Main.storyboard; sourceTree = "<group>"; };
		5F7163A91B745D2100E98B3B /* Images.xcassets */ = {isa = PBXFileReference; lastKnownFileType = folder.assetcatalog; path = Images.xcassets; sourceTree = "<group>"; };
		5F7163AC1B745D2100E98B3B /* Base */ = {isa = PBXFileReference; lastKnownFileType = file.xib; name = Base; path = Base.lproj/LaunchScreen.xib; sourceTree = "<group>"; };
		5F7163B21B745D2100E98B3B /* Hackerati1Tests.xctest */ = {isa = PBXFileReference; explicitFileType = wrapper.cfbundle; includeInIndex = 0; path = Hackerati1Tests.xctest; sourceTree = BUILT_PRODUCTS_DIR; };
		5F7163B71B745D2100E98B3B /* Info.plist */ = {isa = PBXFileReference; lastKnownFileType = text.plist.xml; path = Info.plist; sourceTree = "<group>"; };
		5F7163B81B745D2100E98B3B /* Hackerati1Tests.m */ = {isa = PBXFileReference; lastKnownFileType = sourcecode.c.objc; path = Hackerati1Tests.m; sourceTree = "<group>"; };
		5F71642B1B746EA700E98B3B /* DefaultValues.plist */ = {isa = PBXFileReference; fileEncoding = 4; lastKnownFileType = text.plist.xml; path = DefaultValues.plist; sourceTree = "<group>"; };
		5F7167EA1B75055900E98B3B /* Updated.h */ = {isa = PBXFileReference; fileEncoding = 4; lastKnownFileType = sourcecode.c.h; path = Updated.h; sourceTree = "<group>"; };
		5F7167EB1B75055900E98B3B /* Updated.m */ = {isa = PBXFileReference; fileEncoding = 4; lastKnownFileType = sourcecode.c.objc; path = Updated.m; sourceTree = "<group>"; };
		5F7167EE1B75055A00E98B3B /* Rights.h */ = {isa = PBXFileReference; fileEncoding = 4; lastKnownFileType = sourcecode.c.h; path = Rights.h; sourceTree = "<group>"; };
		5F7167EF1B75055A00E98B3B /* Rights.m */ = {isa = PBXFileReference; fileEncoding = 4; lastKnownFileType = sourcecode.c.objc; path = Rights.m; sourceTree = "<group>"; };
		5F7167F21B75055A00E98B3B /* ContentTypeAttributes.h */ = {isa = PBXFileReference; fileEncoding = 4; lastKnownFileType = sourcecode.c.h; path = ContentTypeAttributes.h; sourceTree = "<group>"; };
		5F7167F31B75055A00E98B3B /* ContentTypeAttributes.m */ = {isa = PBXFileReference; fileEncoding = 4; lastKnownFileType = sourcecode.c.objc; path = ContentTypeAttributes.m; sourceTree = "<group>"; };
		5F7167F61B75055A00E98B3B /* Uri.h */ = {isa = PBXFileReference; fileEncoding = 4; lastKnownFileType = sourcecode.c.h; path = Uri.h; sourceTree = "<group>"; };
		5F7167F71B75055A00E98B3B /* Uri.m */ = {isa = PBXFileReference; fileEncoding = 4; lastKnownFileType = sourcecode.c.objc; path = Uri.m; sourceTree = "<group>"; };
		5F7167FA1B75055A00E98B3B /* ArtistAttributes.h */ = {isa = PBXFileReference; fileEncoding = 4; lastKnownFileType = sourcecode.c.h; path = ArtistAttributes.h; sourceTree = "<group>"; };
		5F7167FB1B75055A00E98B3B /* ArtistAttributes.m */ = {isa = PBXFileReference; fileEncoding = 4; lastKnownFileType = sourcecode.c.objc; path = ArtistAttributes.m; sourceTree = "<group>"; };
		5F7167FE1B75055A00E98B3B /* Categary.h */ = {isa = PBXFileReference; fileEncoding = 4; lastKnownFileType = sourcecode.c.h; path = Categary.h; sourceTree = "<group>"; };
		5F7167FF1B75055A00E98B3B /* Categary.m */ = {isa = PBXFileReference; fileEncoding = 4; lastKnownFileType = sourcecode.c.objc; path = Categary.m; sourceTree = "<group>"; };
		5F7168021B75055A00E98B3B /* CategoryAttributes.h */ = {isa = PBXFileReference; fileEncoding = 4; lastKnownFileType = sourcecode.c.h; path = CategoryAttributes.h; sourceTree = "<group>"; };
		5F7168031B75055A00E98B3B /* CategoryAttributes.m */ = {isa = PBXFileReference; fileEncoding = 4; lastKnownFileType = sourcecode.c.objc; path = CategoryAttributes.m; sourceTree = "<group>"; };
		5F7168061B75055A00E98B3B /* Icon.h */ = {isa = PBXFileReference; fileEncoding = 4; lastKnownFileType = sourcecode.c.h; path = Icon.h; sourceTree = "<group>"; };
		5F7168071B75055A00E98B3B /* Icon.m */ = {isa = PBXFileReference; fileEncoding = 4; lastKnownFileType = sourcecode.c.objc; path = Icon.m; sourceTree = "<group>"; };
		5F71680A1B75055B00E98B3B /* PriceAttributes.h */ = {isa = PBXFileReference; fileEncoding = 4; lastKnownFileType = sourcecode.c.h; path = PriceAttributes.h; sourceTree = "<group>"; };
		5F71680B1B75055B00E98B3B /* PriceAttributes.m */ = {isa = PBXFileReference; fileEncoding = 4; lastKnownFileType = sourcecode.c.objc; path = PriceAttributes.m; sourceTree = "<group>"; };
		5F71680E1B75055B00E98B3B /* ArchivedFeeds.h */ = {isa = PBXFileReference; fileEncoding = 4; lastKnownFileType = sourcecode.c.h; path = ArchivedFeeds.h; sourceTree = "<group>"; };
		5F71680F1B75055B00E98B3B /* ArchivedFeeds.m */ = {isa = PBXFileReference; fileEncoding = 4; lastKnownFileType = sourcecode.c.objc; path = ArchivedFeeds.m; sourceTree = "<group>"; };
		5F7168121B75055B00E98B3B /* Image.h */ = {isa = PBXFileReference; fileEncoding = 4; lastKnownFileType = sourcecode.c.h; path = Image.h; sourceTree = "<group>"; };
		5F7168131B75055B00E98B3B /* Image.m */ = {isa = PBXFileReference; fileEncoding = 4; lastKnownFileType = sourcecode.c.objc; path = Image.m; sourceTree = "<group>"; };
		5F7168161B75055B00E98B3B /* Name.h */ = {isa = PBXFileReference; fileEncoding = 4; lastKnownFileType = sourcecode.c.h; path = Name.h; sourceTree = "<group>"; };
		5F7168171B75055B00E98B3B /* Name.m */ = {isa = PBXFileReference; fileEncoding = 4; lastKnownFileType = sourcecode.c.objc; path = Name.m; sourceTree = "<group>"; };
		5F71681A1B75055B00E98B3B /* LinkAttributes.h */ = {isa = PBXFileReference; fileEncoding = 4; lastKnownFileType = sourcecode.c.h; path = LinkAttributes.h; sourceTree = "<group>"; };
		5F71681B1B75055B00E98B3B /* LinkAttributes.m */ = {isa = PBXFileReference; fileEncoding = 4; lastKnownFileType = sourcecode.c.objc; path = LinkAttributes.m; sourceTree = "<group>"; };
		5F71681E1B75055B00E98B3B /* ReleaseDateAttributes.h */ = {isa = PBXFileReference; fileEncoding = 4; lastKnownFileType = sourcecode.c.h; path = ReleaseDateAttributes.h; sourceTree = "<group>"; };
		5F71681F1B75055B00E98B3B /* ReleaseDateAttributes.m */ = {isa = PBXFileReference; fileEncoding = 4; lastKnownFileType = sourcecode.c.objc; path = ReleaseDateAttributes.m; sourceTree = "<group>"; };
		5F7168221B75055B00E98B3B /* Price.h */ = {isa = PBXFileReference; fileEncoding = 4; lastKnownFileType = sourcecode.c.h; path = Price.h; sourceTree = "<group>"; };
		5F7168231B75055B00E98B3B /* Price.m */ = {isa = PBXFileReference; fileEncoding = 4; lastKnownFileType = sourcecode.c.objc; path = Price.m; sourceTree = "<group>"; };
		5F7168261B75055B00E98B3B /* Author.h */ = {isa = PBXFileReference; fileEncoding = 4; lastKnownFileType = sourcecode.c.h; path = Author.h; sourceTree = "<group>"; };
		5F7168271B75055B00E98B3B /* Author.m */ = {isa = PBXFileReference; fileEncoding = 4; lastKnownFileType = sourcecode.c.objc; path = Author.m; sourceTree = "<group>"; };
		5F71682A1B75055C00E98B3B /* ImageAttributes.h */ = {isa = PBXFileReference; fileEncoding = 4; lastKnownFileType = sourcecode.c.h; path = ImageAttributes.h; sourceTree = "<group>"; };
		5F71682B1B75055C00E98B3B /* ImageAttributes.m */ = {isa = PBXFileReference; fileEncoding = 4; lastKnownFileType = sourcecode.c.objc; path = ImageAttributes.m; sourceTree = "<group>"; };
		5F71682E1B75055C00E98B3B /* Artist.h */ = {isa = PBXFileReference; fileEncoding = 4; lastKnownFileType = sourcecode.c.h; path = Artist.h; sourceTree = "<group>"; };
		5F71682F1B75055C00E98B3B /* Artist.m */ = {isa = PBXFileReference; fileEncoding = 4; lastKnownFileType = sourcecode.c.objc; path = Artist.m; sourceTree = "<group>"; };
		5F7168321B75055C00E98B3B /* Feed.h */ = {isa = PBXFileReference; fileEncoding = 4; lastKnownFileType = sourcecode.c.h; path = Feed.h; sourceTree = "<group>"; };
		5F7168331B75055C00E98B3B /* Feed.m */ = {isa = PBXFileReference; fileEncoding = 4; lastKnownFileType = sourcecode.c.objc; path = Feed.m; sourceTree = "<group>"; };
		5F7168361B75055C00E98B3B /* Summary.h */ = {isa = PBXFileReference; fileEncoding = 4; lastKnownFileType = sourcecode.c.h; path = Summary.h; sourceTree = "<group>"; };
		5F7168371B75055C00E98B3B /* Summary.m */ = {isa = PBXFileReference; fileEncoding = 4; lastKnownFileType = sourcecode.c.objc; path = Summary.m; sourceTree = "<group>"; };
		5F71683A1B75055C00E98B3B /* ContentType.h */ = {isa = PBXFileReference; fileEncoding = 4; lastKnownFileType = sourcecode.c.h; path = ContentType.h; sourceTree = "<group>"; };
		5F71683B1B75055C00E98B3B /* ContentType.m */ = {isa = PBXFileReference; fileEncoding = 4; lastKnownFileType = sourcecode.c.objc; path = ContentType.m; sourceTree = "<group>"; };
		5F71683E1B75055C00E98B3B /* Link.h */ = {isa = PBXFileReference; fileEncoding = 4; lastKnownFileType = sourcecode.c.h; path = Link.h; sourceTree = "<group>"; };
		5F71683F1B75055C00E98B3B /* Link.m */ = {isa = PBXFileReference; fileEncoding = 4; lastKnownFileType = sourcecode.c.objc; path = Link.m; sourceTree = "<group>"; };
		5F7168421B75055C00E98B3B /* IdAttributes.h */ = {isa = PBXFileReference; fileEncoding = 4; lastKnownFileType = sourcecode.c.h; path = IdAttributes.h; sourceTree = "<group>"; };
		5F7168431B75055C00E98B3B /* IdAttributes.m */ = {isa = PBXFileReference; fileEncoding = 4; lastKnownFileType = sourcecode.c.objc; path = IdAttributes.m; sourceTree = "<group>"; };
		5F7168461B75055C00E98B3B /* ReleaseDate.h */ = {isa = PBXFileReference; fileEncoding = 4; lastKnownFileType = sourcecode.c.h; path = ReleaseDate.h; sourceTree = "<group>"; };
		5F7168471B75055C00E98B3B /* ReleaseDate.m */ = {isa = PBXFileReference; fileEncoding = 4; lastKnownFileType = sourcecode.c.objc; path = ReleaseDate.m; sourceTree = "<group>"; };
		5F71684A1B75055D00E98B3B /* Event.h */ = {isa = PBXFileReference; fileEncoding = 4; lastKnownFileType = sourcecode.c.h; path = Event.h; sourceTree = "<group>"; };
		5F71684B1B75055D00E98B3B /* Event.m */ = {isa = PBXFileReference; fileEncoding = 4; lastKnownFileType = sourcecode.c.objc; path = Event.m; sourceTree = "<group>"; };
		5F71684E1B75055D00E98B3B /* Entry.h */ = {isa = PBXFileReference; fileEncoding = 4; lastKnownFileType = sourcecode.c.h; path = Entry.h; sourceTree = "<group>"; };
		5F71684F1B75055D00E98B3B /* Entry.m */ = {isa = PBXFileReference; fileEncoding = 4; lastKnownFileType = sourcecode.c.objc; path = Entry.m; sourceTree = "<group>"; };
		5F7168521B75055D00E98B3B /* Title.h */ = {isa = PBXFileReference; fileEncoding = 4; lastKnownFileType = sourcecode.c.h; path = Title.h; sourceTree = "<group>"; };
		5F7168531B75055D00E98B3B /* Title.m */ = {isa = PBXFileReference; fileEncoding = 4; lastKnownFileType = sourcecode.c.objc; path = Title.m; sourceTree = "<group>"; };
		5F7168561B75055D00E98B3B /* Id.h */ = {isa = PBXFileReference; fileEncoding = 4; lastKnownFileType = sourcecode.c.h; path = Id.h; sourceTree = "<group>"; };
		5F7168571B75055D00E98B3B /* Id.m */ = {isa = PBXFileReference; fileEncoding = 4; lastKnownFileType = sourcecode.c.objc; path = Id.m; sourceTree = "<group>"; };
/* End PBXFileReference section */

/* Begin PBXFrameworksBuildPhase section */
		5F7163901B745D2100E98B3B /* Frameworks */ = {
			isa = PBXFrameworksBuildPhase;
			buildActionMask = 2147483647;
			files = (
			);
			runOnlyForDeploymentPostprocessing = 0;
		};
		5F7163AF1B745D2100E98B3B /* Frameworks */ = {
			isa = PBXFrameworksBuildPhase;
			buildActionMask = 2147483647;
			files = (
			);
			runOnlyForDeploymentPostprocessing = 0;
		};
/* End PBXFrameworksBuildPhase section */

/* Begin PBXGroup section */
		5F71638A1B745D2100E98B3B = {
			isa = PBXGroup;
			children = (
				5F7163951B745D2100E98B3B /* Hackerati1 */,
				5F7163B51B745D2100E98B3B /* Hackerati1Tests */,
				5F7163941B745D2100E98B3B /* Products */,
			);
			sourceTree = "<group>";
		};
		5F7163941B745D2100E98B3B /* Products */ = {
			isa = PBXGroup;
			children = (
				5F7163931B745D2100E98B3B /* Hackerati1.app */,
				5F7163B21B745D2100E98B3B /* Hackerati1Tests.xctest */,
			);
			name = Products;
			sourceTree = "<group>";
		};
		5F7163951B745D2100E98B3B /* Hackerati1 */ = {
			isa = PBXGroup;
			children = (
				5F71642A1B746E7900E98B3B /* manageObjects */,
				5F71639A1B745D2100E98B3B /* AppDelegate.h */,
				5F71639B1B745D2100E98B3B /* AppDelegate.m */,
				5F7163A01B745D2100E98B3B /* MasterViewController.h */,
				5F7163A11B745D2100E98B3B /* MasterViewController.m */,
				5F7163A31B745D2100E98B3B /* DetailViewController.h */,
				5F7163A41B745D2100E98B3B /* DetailViewController.m */,
				5F7163A61B745D2100E98B3B /* Main.storyboard */,
				5F7163A91B745D2100E98B3B /* Images.xcassets */,
				5F7163AB1B745D2100E98B3B /* LaunchScreen.xib */,
				5F71639D1B745D2100E98B3B /* Hackerati1.xcdatamodeld */,
				5F7163961B745D2100E98B3B /* Supporting Files */,
			);
			path = Hackerati1;
			sourceTree = "<group>";
		};
		5F7163961B745D2100E98B3B /* Supporting Files */ = {
			isa = PBXGroup;
			children = (
				5F7163971B745D2100E98B3B /* Info.plist */,
				5F7163981B745D2100E98B3B /* main.m */,
				5F71642B1B746EA700E98B3B /* DefaultValues.plist */,
			);
			name = "Supporting Files";
			sourceTree = "<group>";
		};
		5F7163B51B745D2100E98B3B /* Hackerati1Tests */ = {
			isa = PBXGroup;
			children = (
				5F7163B81B745D2100E98B3B /* Hackerati1Tests.m */,
				5F7163B61B745D2100E98B3B /* Supporting Files */,
			);
			path = Hackerati1Tests;
			sourceTree = "<group>";
		};
		5F7163B61B745D2100E98B3B /* Supporting Files */ = {
			isa = PBXGroup;
			children = (
				5F7163B71B745D2100E98B3B /* Info.plist */,
			);
			name = "Supporting Files";
			sourceTree = "<group>";
		};
		5F71642A1B746E7900E98B3B /* manageObjects */ = {
			isa = PBXGroup;
			children = (
				5F7167EA1B75055900E98B3B /* Updated.h */,
				5F7167EB1B75055900E98B3B /* Updated.m */,
				5F7167EE1B75055A00E98B3B /* Rights.h */,
				5F7167EF1B75055A00E98B3B /* Rights.m */,
				5F7167F21B75055A00E98B3B /* ContentTypeAttributes.h */,
				5F7167F31B75055A00E98B3B /* ContentTypeAttributes.m */,
				5F7167F61B75055A00E98B3B /* Uri.h */,
				5F7167F71B75055A00E98B3B /* Uri.m */,
				5F7167FA1B75055A00E98B3B /* ArtistAttributes.h */,
				5F7167FB1B75055A00E98B3B /* ArtistAttributes.m */,
				5F7167FE1B75055A00E98B3B /* Categary.h */,
				5F7167FF1B75055A00E98B3B /* Categary.m */,
				5F7168021B75055A00E98B3B /* CategoryAttributes.h */,
				5F7168031B75055A00E98B3B /* CategoryAttributes.m */,
				5F7168061B75055A00E98B3B /* Icon.h */,
				5F7168071B75055A00E98B3B /* Icon.m */,
				5F71680A1B75055B00E98B3B /* PriceAttributes.h */,
				5F71680B1B75055B00E98B3B /* PriceAttributes.m */,
				5F7168121B75055B00E98B3B /* Image.h */,
				5F7168131B75055B00E98B3B /* Image.m */,
				5F7168161B75055B00E98B3B /* Name.h */,
				5F7168171B75055B00E98B3B /* Name.m */,
				5F71681A1B75055B00E98B3B /* LinkAttributes.h */,
				5F71681B1B75055B00E98B3B /* LinkAttributes.m */,
				5F71681E1B75055B00E98B3B /* ReleaseDateAttributes.h */,
				5F71681F1B75055B00E98B3B /* ReleaseDateAttributes.m */,
				5F7168221B75055B00E98B3B /* Price.h */,
				5F7168231B75055B00E98B3B /* Price.m */,
				5F7168261B75055B00E98B3B /* Author.h */,
				5F7168271B75055B00E98B3B /* Author.m */,
				5F71682A1B75055C00E98B3B /* ImageAttributes.h */,
				5F71682B1B75055C00E98B3B /* ImageAttributes.m */,
				5F71682E1B75055C00E98B3B /* Artist.h */,
				5F71682F1B75055C00E98B3B /* Artist.m */,
				5F7168321B75055C00E98B3B /* Feed.h */,
				5F7168331B75055C00E98B3B /* Feed.m */,
				5F7168361B75055C00E98B3B /* Summary.h */,
				5F7168371B75055C00E98B3B /* Summary.m */,
				5F71683A1B75055C00E98B3B /* ContentType.h */,
				5F71683B1B75055C00E98B3B /* ContentType.m */,
				5F71683E1B75055C00E98B3B /* Link.h */,
				5F71683F1B75055C00E98B3B /* Link.m */,
				5F7168421B75055C00E98B3B /* IdAttributes.h */,
				5F7168431B75055C00E98B3B /* IdAttributes.m */,
				5F7168461B75055C00E98B3B /* ReleaseDate.h */,
				5F7168471B75055C00E98B3B /* ReleaseDate.m */,
				5F71684A1B75055D00E98B3B /* Event.h */,
				5F71684B1B75055D00E98B3B /* Event.m */,
				5F71684E1B75055D00E98B3B /* Entry.h */,
				5F71684F1B75055D00E98B3B /* Entry.m */,
				5F7168521B75055D00E98B3B /* Title.h */,
				5F7168531B75055D00E98B3B /* Title.m */,
				5F7168561B75055D00E98B3B /* Id.h */,
				5F7168571B75055D00E98B3B /* Id.m */,
				5F71680E1B75055B00E98B3B /* ArchivedFeeds.h */,
				5F71680F1B75055B00E98B3B /* ArchivedFeeds.m */,
			);
			name = manageObjects;
			sourceTree = "<group>";
		};
/* End PBXGroup section */

/* Begin PBXNativeTarget section */
		5F7163921B745D2100E98B3B /* Hackerati1 */ = {
			isa = PBXNativeTarget;
			buildConfigurationList = 5F7163BC1B745D2100E98B3B /* Build configuration list for PBXNativeTarget "Hackerati1" */;
			buildPhases = (
				5F71638F1B745D2100E98B3B /* Sources */,
				5F7163901B745D2100E98B3B /* Frameworks */,
				5F7163911B745D2100E98B3B /* Resources */,
			);
			buildRules = (
			);
			dependencies = (
			);
			name = Hackerati1;
			productName = Hackerati1;
			productReference = 5F7163931B745D2100E98B3B /* Hackerati1.app */;
			productType = "com.apple.product-type.application";
		};
		5F7163B11B745D2100E98B3B /* Hackerati1Tests */ = {
			isa = PBXNativeTarget;
			buildConfigurationList = 5F7163BF1B745D2100E98B3B /* Build configuration list for PBXNativeTarget "Hackerati1Tests" */;
			buildPhases = (
				5F7163AE1B745D2100E98B3B /* Sources */,
				5F7163AF1B745D2100E98B3B /* Frameworks */,
				5F7163B01B745D2100E98B3B /* Resources */,
			);
			buildRules = (
			);
			dependencies = (
				5F7163B41B745D2100E98B3B /* PBXTargetDependency */,
			);
			name = Hackerati1Tests;
			productName = Hackerati1Tests;
			productReference = 5F7163B21B745D2100E98B3B /* Hackerati1Tests.xctest */;
			productType = "com.apple.product-type.bundle.unit-test";
		};
/* End PBXNativeTarget section */

/* Begin PBXProject section */
		5F71638B1B745D2100E98B3B /* Project object */ = {
			isa = PBXProject;
			attributes = {
				LastUpgradeCheck = 0640;
				ORGANIZATIONNAME = "James Folk";
				TargetAttributes = {
					5F7163921B745D2100E98B3B = {
						CreatedOnToolsVersion = 6.4;
					};
					5F7163B11B745D2100E98B3B = {
						CreatedOnToolsVersion = 6.4;
						TestTargetID = 5F7163921B745D2100E98B3B;
					};
				};
			};
			buildConfigurationList = 5F71638E1B745D2100E98B3B /* Build configuration list for PBXProject "Hackerati1" */;
			compatibilityVersion = "Xcode 3.2";
			developmentRegion = English;
			hasScannedForEncodings = 0;
			knownRegions = (
				en,
				Base,
			);
			mainGroup = 5F71638A1B745D2100E98B3B;
			productRefGroup = 5F7163941B745D2100E98B3B /* Products */;
			projectDirPath = "";
			projectRoot = "";
			targets = (
				5F7163921B745D2100E98B3B /* Hackerati1 */,
				5F7163B11B745D2100E98B3B /* Hackerati1Tests */,
			);
		};
/* End PBXProject section */

/* Begin PBXResourcesBuildPhase section */
		5F7163911B745D2100E98B3B /* Resources */ = {
			isa = PBXResourcesBuildPhase;
			buildActionMask = 2147483647;
			files = (
				5F7163A81B745D2100E98B3B /* Main.storyboard in Resources */,
				5F7163AD1B745D2100E98B3B /* LaunchScreen.xib in Resources */,
				5F71642C1B746EA700E98B3B /* DefaultValues.plist in Resources */,
				5F7163AA1B745D2100E98B3B /* Images.xcassets in Resources */,
			);
			runOnlyForDeploymentPostprocessing = 0;
		};
		5F7163B01B745D2100E98B3B /* Resources */ = {
			isa = PBXResourcesBuildPhase;
			buildActionMask = 2147483647;
			files = (
				5F71642D1B746EA700E98B3B /* DefaultValues.plist in Resources */,
			);
			runOnlyForDeploymentPostprocessing = 0;
		};
/* End PBXResourcesBuildPhase section */

/* Begin PBXSourcesBuildPhase section */
		5F71638F1B745D2100E98B3B /* Sources */ = {
			isa = PBXSourcesBuildPhase;
			buildActionMask = 2147483647;
			files = (
				5F71684C1B75055D00E98B3B /* Event.m in Sources */,
				5F7168141B75055B00E98B3B /* Image.m in Sources */,
				5F7168501B75055D00E98B3B /* Entry.m in Sources */,
				5F7168541B75055D00E98B3B /* Title.m in Sources */,
				5F7168241B75055B00E98B3B /* Price.m in Sources */,
				5F7168301B75055C00E98B3B /* Artist.m in Sources */,
				5F7168201B75055B00E98B3B /* ReleaseDateAttributes.m in Sources */,
				5F71681C1B75055B00E98B3B /* LinkAttributes.m in Sources */,
				5F71680C1B75055B00E98B3B /* PriceAttributes.m in Sources */,
				5F71683C1B75055C00E98B3B /* ContentType.m in Sources */,
				5F7168401B75055C00E98B3B /* Link.m in Sources */,
				5F7168381B75055C00E98B3B /* Summary.m in Sources */,
				5F7167EC1B75055900E98B3B /* Updated.m in Sources */,
				5F7168441B75055C00E98B3B /* IdAttributes.m in Sources */,
				5F7168341B75055C00E98B3B /* Feed.m in Sources */,
				5F7168081B75055A00E98B3B /* Icon.m in Sources */,
				5F7167FC1B75055A00E98B3B /* ArtistAttributes.m in Sources */,
				5F7163A51B745D2100E98B3B /* DetailViewController.m in Sources */,
				5F7168281B75055B00E98B3B /* Author.m in Sources */,
				5F7168101B75055B00E98B3B /* ArchivedFeeds.m in Sources */,
				5F7168181B75055B00E98B3B /* Name.m in Sources */,
				5F7167F81B75055A00E98B3B /* Uri.m in Sources */,
				5F7167F01B75055A00E98B3B /* Rights.m in Sources */,
				5F71682C1B75055C00E98B3B /* ImageAttributes.m in Sources */,
				5F7168041B75055A00E98B3B /* CategoryAttributes.m in Sources */,
				5F7168001B75055A00E98B3B /* Categary.m in Sources */,
				5F7167F41B75055A00E98B3B /* ContentTypeAttributes.m in Sources */,
				5F7163A21B745D2100E98B3B /* MasterViewController.m in Sources */,
				5F71639C1B745D2100E98B3B /* AppDelegate.m in Sources */,
				5F7163991B745D2100E98B3B /* main.m in Sources */,
				5F7168581B75055D00E98B3B /* Id.m in Sources */,
				5F7168481B75055C00E98B3B /* ReleaseDate.m in Sources */,
				5F71639F1B745D2100E98B3B /* Hackerati1.xcdatamodeld in Sources */,
			);
			runOnlyForDeploymentPostprocessing = 0;
		};
		5F7163AE1B745D2100E98B3B /* Sources */ = {
			isa = PBXSourcesBuildPhase;
			buildActionMask = 2147483647;
			files = (
				5F71683D1B75055C00E98B3B /* ContentType.m in Sources */,
				5F7168151B75055B00E98B3B /* Image.m in Sources */,
				5F7168211B75055B00E98B3B /* ReleaseDateAttributes.m in Sources */,
				5F7168291B75055B00E98B3B /* Author.m in Sources */,
				5F7167F51B75055A00E98B3B /* ContentTypeAttributes.m in Sources */,
				5F7168091B75055A00E98B3B /* Icon.m in Sources */,
				5F7168451B75055C00E98B3B /* IdAttributes.m in Sources */,
				5F7168351B75055C00E98B3B /* Feed.m in Sources */,
				5F7168111B75055B00E98B3B /* ArchivedFeeds.m in Sources */,
				5F7168391B75055C00E98B3B /* Summary.m in Sources */,
				5F7168411B75055C00E98B3B /* Link.m in Sources */,
				5F7163B91B745D2100E98B3B /* Hackerati1Tests.m in Sources */,
				5F7167FD1B75055A00E98B3B /* ArtistAttributes.m in Sources */,
				5F7168051B75055A00E98B3B /* CategoryAttributes.m in Sources */,
				5F71682D1B75055C00E98B3B /* ImageAttributes.m in Sources */,
				5F7167F11B75055A00E98B3B /* Rights.m in Sources */,
				5F7168491B75055C00E98B3B /* ReleaseDate.m in Sources */,
				5F7168251B75055B00E98B3B /* Price.m in Sources */,
				5F7168551B75055D00E98B3B /* Title.m in Sources */,
				5F71680D1B75055B00E98B3B /* PriceAttributes.m in Sources */,
				5F7168511B75055D00E98B3B /* Entry.m in Sources */,
				5F71681D1B75055B00E98B3B /* LinkAttributes.m in Sources */,
				5F7167ED1B75055900E98B3B /* Updated.m in Sources */,
				5F7168011B75055A00E98B3B /* Categary.m in Sources */,
				5F7168311B75055C00E98B3B /* Artist.m in Sources */,
				5F7167F91B75055A00E98B3B /* Uri.m in Sources */,
				5F7168191B75055B00E98B3B /* Name.m in Sources */,
				5F71684D1B75055D00E98B3B /* Event.m in Sources */,
				5F7168591B75055D00E98B3B /* Id.m in Sources */,
			);
			runOnlyForDeploymentPostprocessing = 0;
		};
/* End PBXSourcesBuildPhase section */

/* Begin PBXTargetDependency section */
		5F7163B41B745D2100E98B3B /* PBXTargetDependency */ = {
			isa = PBXTargetDependency;
			target = 5F7163921B745D2100E98B3B /* Hackerati1 */;
			targetProxy = 5F7163B31B745D2100E98B3B /* PBXContainerItemProxy */;
		};
/* End PBXTargetDependency section */

/* Begin PBXVariantGroup section */
		5F7163A61B745D2100E98B3B /* Main.storyboard */ = {
			isa = PBXVariantGroup;
			children = (
				5F7163A71B745D2100E98B3B /* Base */,
			);
			name = Main.storyboard;
			sourceTree = "<group>";
		};
		5F7163AB1B745D2100E98B3B /* LaunchScreen.xib */ = {
			isa = PBXVariantGroup;
			children = (
				5F7163AC1B745D2100E98B3B /* Base */,
			);
			name = LaunchScreen.xib;
			sourceTree = "<group>";
		};
/* End PBXVariantGroup section */

/* Begin XCBuildConfiguration section */
		5F7163BA1B745D2100E98B3B /* Debug */ = {
			isa = XCBuildConfiguration;
			buildSettings = {
				ALWAYS_SEARCH_USER_PATHS = NO;
				CLANG_CXX_LANGUAGE_STANDARD = "gnu++0x";
				CLANG_CXX_LIBRARY = "libc++";
				CLANG_ENABLE_MODULES = YES;
				CLANG_ENABLE_OBJC_ARC = YES;
				CLANG_WARN_BOOL_CONVERSION = YES;
				CLANG_WARN_CONSTANT_CONVERSION = YES;
				CLANG_WARN_DIRECT_OBJC_ISA_USAGE = YES_ERROR;
				CLANG_WARN_EMPTY_BODY = YES;
				CLANG_WARN_ENUM_CONVERSION = YES;
				CLANG_WARN_INT_CONVERSION = YES;
				CLANG_WARN_OBJC_ROOT_CLASS = YES_ERROR;
				CLANG_WARN_UNREACHABLE_CODE = YES;
				CLANG_WARN__DUPLICATE_METHOD_MATCH = YES;
				"CODE_SIGN_IDENTITY[sdk=iphoneos*]" = "iPhone Developer";
				COPY_PHASE_STRIP = NO;
				DEBUG_INFORMATION_FORMAT = "dwarf-with-dsym";
				ENABLE_STRICT_OBJC_MSGSEND = YES;
				GCC_C_LANGUAGE_STANDARD = gnu99;
				GCC_DYNAMIC_NO_PIC = NO;
				GCC_NO_COMMON_BLOCKS = YES;
				GCC_OPTIMIZATION_LEVEL = 0;
				GCC_PREPROCESSOR_DEFINITIONS = (
					"DEBUG=1",
					"$(inherited)",
				);
				GCC_SYMBOLS_PRIVATE_EXTERN = NO;
				GCC_WARN_64_TO_32_BIT_CONVERSION = YES;
				GCC_WARN_ABOUT_RETURN_TYPE = YES_ERROR;
				GCC_WARN_UNDECLARED_SELECTOR = YES;
				GCC_WARN_UNINITIALIZED_AUTOS = YES_AGGRESSIVE;
				GCC_WARN_UNUSED_FUNCTION = YES;
				GCC_WARN_UNUSED_VARIABLE = YES;
				IPHONEOS_DEPLOYMENT_TARGET = 8.4;
				MTL_ENABLE_DEBUG_INFO = YES;
				ONLY_ACTIVE_ARCH = YES;
				SDKROOT = iphoneos;
				TARGETED_DEVICE_FAMILY = "1,2";
			};
			name = Debug;
		};
		5F7163BB1B745D2100E98B3B /* Release */ = {
			isa = XCBuildConfiguration;
			buildSettings = {
				ALWAYS_SEARCH_USER_PATHS = NO;
				CLANG_CXX_LANGUAGE_STANDARD = "gnu++0x";
				CLANG_CXX_LIBRARY = "libc++";
				CLANG_ENABLE_MODULES = YES;
				CLANG_ENABLE_OBJC_ARC = YES;
				CLANG_WARN_BOOL_CONVERSION = YES;
				CLANG_WARN_CONSTANT_CONVERSION = YES;
				CLANG_WARN_DIRECT_OBJC_ISA_USAGE = YES_ERROR;
				CLANG_WARN_EMPTY_BODY = YES;
				CLANG_WARN_ENUM_CONVERSION = YES;
				CLANG_WARN_INT_CONVERSION = YES;
				CLANG_WARN_OBJC_ROOT_CLASS = YES_ERROR;
				CLANG_WARN_UNREACHABLE_CODE = YES;
				CLANG_WARN__DUPLICATE_METHOD_MATCH = YES;
				"CODE_SIGN_IDENTITY[sdk=iphoneos*]" = "iPhone Developer";
				COPY_PHASE_STRIP = NO;
				DEBUG_INFORMATION_FORMAT = "dwarf-with-dsym";
				ENABLE_NS_ASSERTIONS = NO;
				ENABLE_STRICT_OBJC_MSGSEND = YES;
				GCC_C_LANGUAGE_STANDARD = gnu99;
				GCC_NO_COMMON_BLOCKS = YES;
				GCC_WARN_64_TO_32_BIT_CONVERSION = YES;
				GCC_WARN_ABOUT_RETURN_TYPE = YES_ERROR;
				GCC_WARN_UNDECLARED_SELECTOR = YES;
				GCC_WARN_UNINITIALIZED_AUTOS = YES_AGGRESSIVE;
				GCC_WARN_UNUSED_FUNCTION = YES;
				GCC_WARN_UNUSED_VARIABLE = YES;
				IPHONEOS_DEPLOYMENT_TARGET = 8.4;
				MTL_ENABLE_DEBUG_INFO = NO;
				SDKROOT = iphoneos;
				TARGETED_DEVICE_FAMILY = "1,2";
				VALIDATE_PRODUCT = YES;
			};
			name = Release;
		};
		5F7163BD1B745D2100E98B3B /* Debug */ = {
			isa = XCBuildConfiguration;
			buildSettings = {
				ASSETCATALOG_COMPILER_APPICON_NAME = AppIcon;
				INFOPLIST_FILE = Hackerati1/Info.plist;
				LD_RUNPATH_SEARCH_PATHS = "$(inherited) @executable_path/Frameworks";
				PRODUCT_NAME = "$(TARGET_NAME)";
			};
			name = Debug;
		};
		5F7163BE1B745D2100E98B3B /* Release */ = {
			isa = XCBuildConfiguration;
			buildSettings = {
				ASSETCATALOG_COMPILER_APPICON_NAME = AppIcon;
				INFOPLIST_FILE = Hackerati1/Info.plist;
				LD_RUNPATH_SEARCH_PATHS = "$(inherited) @executable_path/Frameworks";
				PRODUCT_NAME = "$(TARGET_NAME)";
			};
			name = Release;
		};
		5F7163C01B745D2100E98B3B /* Debug */ = {
			isa = XCBuildConfiguration;
			buildSettings = {
				BUNDLE_LOADER = "$(TEST_HOST)";
				FRAMEWORK_SEARCH_PATHS = (
					"$(SDKROOT)/Developer/Library/Frameworks",
					"$(inherited)",
				);
				GCC_PREPROCESSOR_DEFINITIONS = (
					"DEBUG=1",
					"$(inherited)",
				);
				INFOPLIST_FILE = Hackerati1Tests/Info.plist;
				LD_RUNPATH_SEARCH_PATHS = "$(inherited) @executable_path/Frameworks @loader_path/Frameworks";
				PRODUCT_NAME = "$(TARGET_NAME)";
				TEST_HOST = "$(BUILT_PRODUCTS_DIR)/Hackerati1.app/Hackerati1";
			};
			name = Debug;
		};
		5F7163C11B745D2100E98B3B /* Release */ = {
			isa = XCBuildConfiguration;
			buildSettings = {
				BUNDLE_LOADER = "$(TEST_HOST)";
				FRAMEWORK_SEARCH_PATHS = (
					"$(SDKROOT)/Developer/Library/Frameworks",
					"$(inherited)",
				);
				INFOPLIST_FILE = Hackerati1Tests/Info.plist;
				LD_RUNPATH_SEARCH_PATHS = "$(inherited) @executable_path/Frameworks @loader_path/Frameworks";
				PRODUCT_NAME = "$(TARGET_NAME)";
				TEST_HOST = "$(BUILT_PRODUCTS_DIR)/Hackerati1.app/Hackerati1";
			};
			name = Release;
		};
/* End XCBuildConfiguration section */

/* Begin XCConfigurationList section */
		5F71638E1B745D2100E98B3B /* Build configuration list for PBXProject "Hackerati1" */ = {
			isa = XCConfigurationList;
			buildConfigurations = (
				5F7163BA1B745D2100E98B3B /* Debug */,
				5F7163BB1B745D2100E98B3B /* Release */,
			);
			defaultConfigurationIsVisible = 0;
			defaultConfigurationName = Release;
		};
		5F7163BC1B745D2100E98B3B /* Build configuration list for PBXNativeTarget "Hackerati1" */ = {
			isa = XCConfigurationList;
			buildConfigurations = (
				5F7163BD1B745D2100E98B3B /* Debug */,
				5F7163BE1B745D2100E98B3B /* Release */,
			);
			defaultConfigurationIsVisible = 0;
		};
		5F7163BF1B745D2100E98B3B /* Build configuration list for PBXNativeTarget "Hackerati1Tests" */ = {
			isa = XCConfigurationList;
			buildConfigurations = (
				5F7163C01B745D2100E98B3B /* Debug */,
				5F7163C11B745D2100E98B3B /* Release */,
			);
			defaultConfigurationIsVisible = 0;
		};
/* End XCConfigurationList section */

/* Begin XCVersionGroup section */
		5F71639D1B745D2100E98B3B /* Hackerati1.xcdatamodeld */ = {
			isa = XCVersionGroup;
			children = (
				5F71639E1B745D2100E98B3B /* Hackerati1.xcdatamodel */,
			);
			currentVersion = 5F71639E1B745D2100E98B3B /* Hackerati1.xcdatamodel */;
			path = Hackerati1.xcdatamodeld;
			sourceTree = "<group>";
			versionGroupType = wrapper.xcdatamodel;
		};
/* End XCVersionGroup section */
	};
	rootObject = 5F71638B1B745D2100E98B3B /* Project object */;
}
