// !$*UTF8*$!
{
	archiveVersion = 1;
	classes = {
	};
	objectVersion = 46;
	objects = {

/* Begin PBXBuildFile section */
		5F7163991B745D2100E98B3B /* main.m in Sources */ = {isa = PBXBuildFile; fileRef = 5F7163981B745D2100E98B3B /* main.m */; };
		5F71639C1B745D2100E98B3B /* AppDelegate.m in Sources */ = {isa = PBXBuildFile; fileRef = 5F71639B1B745D2100E98B3B /* AppDelegate.m */; };
		5F71639F1B745D2100E98B3B /* Hackerati1.xcdatamodeld in Sources */ = {isa = PBXBuildFile; fileRef = 5F71639D1B745D2100E98B3B /* Hackerati1.xcdatamodeld */; };
		5F7163A21B745D2100E98B3B /* MasterViewController.m in Sources */ = {isa = PBXBuildFile; fileRef = 5F7163A11B745D2100E98B3B /* MasterViewController.m */; };
		5F7163A51B745D2100E98B3B /* DetailViewController.m in Sources */ = {isa = PBXBuildFile; fileRef = 5F7163A41B745D2100E98B3B /* DetailViewController.m */; };
		5F7163A81B745D2100E98B3B /* Main.storyboard in Resources */ = {isa = PBXBuildFile; fileRef = 5F7163A61B745D2100E98B3B /* Main.storyboard */; };
		5F7163AA1B745D2100E98B3B /* Images.xcassets in Resources */ = {isa = PBXBuildFile; fileRef = 5F7163A91B745D2100E98B3B /* Images.xcassets */; };
		5F7163AD1B745D2100E98B3B /* LaunchScreen.xib in Resources */ = {isa = PBXBuildFile; fileRef = 5F7163AB1B745D2100E98B3B /* LaunchScreen.xib */; };
		5F7163B91B745D2100E98B3B /* Hackerati1Tests.m in Sources */ = {isa = PBXBuildFile; fileRef = 5F7163B81B745D2100E98B3B /* Hackerati1Tests.m */; };
		5F71642C1B746EA700E98B3B /* DefaultValues.plist in Resources */ = {isa = PBXBuildFile; fileRef = 5F71642B1B746EA700E98B3B /* DefaultValues.plist */; };
		5F71642D1B746EA700E98B3B /* DefaultValues.plist in Resources */ = {isa = PBXBuildFile; fileRef = 5F71642B1B746EA700E98B3B /* DefaultValues.plist */; };
		5F716A801B75435300E98B3B /* Media.xcassets in Resources */ = {isa = PBXBuildFile; fileRef = 5F716A7F1B75435300E98B3B /* Media.xcassets */; };
		5F716A811B75435300E98B3B /* Media.xcassets in Resources */ = {isa = PBXBuildFile; fileRef = 5F716A7F1B75435300E98B3B /* Media.xcassets */; };
		5F716A841B755B6B00E98B3B /* LinkAttributes.m in Sources */ = {isa = PBXBuildFile; fileRef = 5F716A831B755B6B00E98B3B /* LinkAttributes.m */; };
		5F716A851B755B6B00E98B3B /* LinkAttributes.m in Sources */ = {isa = PBXBuildFile; fileRef = 5F716A831B755B6B00E98B3B /* LinkAttributes.m */; };
		5F716A881B755B6C00E98B3B /* ImageAttributes.m in Sources */ = {isa = PBXBuildFile; fileRef = 5F716A871B755B6C00E98B3B /* ImageAttributes.m */; };
		5F716A891B755B6C00E98B3B /* ImageAttributes.m in Sources */ = {isa = PBXBuildFile; fileRef = 5F716A871B755B6C00E98B3B /* ImageAttributes.m */; };
		5F716A8C1B755B6C00E98B3B /* Artist.m in Sources */ = {isa = PBXBuildFile; fileRef = 5F716A8B1B755B6C00E98B3B /* Artist.m */; };
		5F716A8D1B755B6C00E98B3B /* Artist.m in Sources */ = {isa = PBXBuildFile; fileRef = 5F716A8B1B755B6C00E98B3B /* Artist.m */; };
		5F716A901B755B6C00E98B3B /* Icon.m in Sources */ = {isa = PBXBuildFile; fileRef = 5F716A8F1B755B6C00E98B3B /* Icon.m */; };
		5F716A911B755B6C00E98B3B /* Icon.m in Sources */ = {isa = PBXBuildFile; fileRef = 5F716A8F1B755B6C00E98B3B /* Icon.m */; };
		5F716A941B755B6C00E98B3B /* PriceAttributes.m in Sources */ = {isa = PBXBuildFile; fileRef = 5F716A931B755B6C00E98B3B /* PriceAttributes.m */; };
		5F716A951B755B6C00E98B3B /* PriceAttributes.m in Sources */ = {isa = PBXBuildFile; fileRef = 5F716A931B755B6C00E98B3B /* PriceAttributes.m */; };
		5F716A981B755B6C00E98B3B /* Image.m in Sources */ = {isa = PBXBuildFile; fileRef = 5F716A971B755B6C00E98B3B /* Image.m */; };
		5F716A991B755B6C00E98B3B /* Image.m in Sources */ = {isa = PBXBuildFile; fileRef = 5F716A971B755B6C00E98B3B /* Image.m */; };
		5F716A9C1B755B6C00E98B3B /* Categary.m in Sources */ = {isa = PBXBuildFile; fileRef = 5F716A9B1B755B6C00E98B3B /* Categary.m */; };
		5F716A9D1B755B6C00E98B3B /* Categary.m in Sources */ = {isa = PBXBuildFile; fileRef = 5F716A9B1B755B6C00E98B3B /* Categary.m */; };
		5F716AA01B755B6C00E98B3B /* CategoryAttributes.m in Sources */ = {isa = PBXBuildFile; fileRef = 5F716A9F1B755B6C00E98B3B /* CategoryAttributes.m */; };
		5F716AA11B755B6C00E98B3B /* CategoryAttributes.m in Sources */ = {isa = PBXBuildFile; fileRef = 5F716A9F1B755B6C00E98B3B /* CategoryAttributes.m */; };
		5F716AA41B755B6D00E98B3B /* Updated.m in Sources */ = {isa = PBXBuildFile; fileRef = 5F716AA31B755B6D00E98B3B /* Updated.m */; };
		5F716AA51B755B6D00E98B3B /* Updated.m in Sources */ = {isa = PBXBuildFile; fileRef = 5F716AA31B755B6D00E98B3B /* Updated.m */; };
		5F716AA81B755B6D00E98B3B /* Name.m in Sources */ = {isa = PBXBuildFile; fileRef = 5F716AA71B755B6D00E98B3B /* Name.m */; };
		5F716AA91B755B6D00E98B3B /* Name.m in Sources */ = {isa = PBXBuildFile; fileRef = 5F716AA71B755B6D00E98B3B /* Name.m */; };
		5F716AAC1B755B6D00E98B3B /* Rights.m in Sources */ = {isa = PBXBuildFile; fileRef = 5F716AAB1B755B6D00E98B3B /* Rights.m */; };
		5F716AAD1B755B6D00E98B3B /* Rights.m in Sources */ = {isa = PBXBuildFile; fileRef = 5F716AAB1B755B6D00E98B3B /* Rights.m */; };
		5F716AB01B755B6D00E98B3B /* Uri.m in Sources */ = {isa = PBXBuildFile; fileRef = 5F716AAF1B755B6D00E98B3B /* Uri.m */; };
		5F716AB11B755B6D00E98B3B /* Uri.m in Sources */ = {isa = PBXBuildFile; fileRef = 5F716AAF1B755B6D00E98B3B /* Uri.m */; };
		5F716AB41B755B6D00E98B3B /* ContentType.m in Sources */ = {isa = PBXBuildFile; fileRef = 5F716AB31B755B6D00E98B3B /* ContentType.m */; };
		5F716AB51B755B6D00E98B3B /* ContentType.m in Sources */ = {isa = PBXBuildFile; fileRef = 5F716AB31B755B6D00E98B3B /* ContentType.m */; };
		5F716AB81B755B6D00E98B3B /* Author.m in Sources */ = {isa = PBXBuildFile; fileRef = 5F716AB71B755B6D00E98B3B /* Author.m */; };
		5F716AB91B755B6D00E98B3B /* Author.m in Sources */ = {isa = PBXBuildFile; fileRef = 5F716AB71B755B6D00E98B3B /* Author.m */; };
		5F716ABC1B755B6D00E98B3B /* Title.m in Sources */ = {isa = PBXBuildFile; fileRef = 5F716ABB1B755B6D00E98B3B /* Title.m */; };
		5F716ABD1B755B6D00E98B3B /* Title.m in Sources */ = {isa = PBXBuildFile; fileRef = 5F716ABB1B755B6D00E98B3B /* Title.m */; };
		5F716AC01B755B6D00E98B3B /* Id.m in Sources */ = {isa = PBXBuildFile; fileRef = 5F716ABF1B755B6D00E98B3B /* Id.m */; };
		5F716AC11B755B6D00E98B3B /* Id.m in Sources */ = {isa = PBXBuildFile; fileRef = 5F716ABF1B755B6D00E98B3B /* Id.m */; };
		5F716AC41B755B6D00E98B3B /* Price.m in Sources */ = {isa = PBXBuildFile; fileRef = 5F716AC31B755B6D00E98B3B /* Price.m */; };
		5F716AC51B755B6D00E98B3B /* Price.m in Sources */ = {isa = PBXBuildFile; fileRef = 5F716AC31B755B6D00E98B3B /* Price.m */; };
		5F716AC81B755B6E00E98B3B /* ReleaseDateAttributes.m in Sources */ = {isa = PBXBuildFile; fileRef = 5F716AC71B755B6E00E98B3B /* ReleaseDateAttributes.m */; };
		5F716AC91B755B6E00E98B3B /* ReleaseDateAttributes.m in Sources */ = {isa = PBXBuildFile; fileRef = 5F716AC71B755B6E00E98B3B /* ReleaseDateAttributes.m */; };
		5F716ACC1B755B6E00E98B3B /* ReleaseDate.m in Sources */ = {isa = PBXBuildFile; fileRef = 5F716ACB1B755B6E00E98B3B /* ReleaseDate.m */; };
		5F716ACD1B755B6E00E98B3B /* ReleaseDate.m in Sources */ = {isa = PBXBuildFile; fileRef = 5F716ACB1B755B6E00E98B3B /* ReleaseDate.m */; };
		5F716AD01B755B6E00E98B3B /* Entry.m in Sources */ = {isa = PBXBuildFile; fileRef = 5F716ACF1B755B6E00E98B3B /* Entry.m */; };
		5F716AD11B755B6E00E98B3B /* Entry.m in Sources */ = {isa = PBXBuildFile; fileRef = 5F716ACF1B755B6E00E98B3B /* Entry.m */; };
		5F716AD41B755B6E00E98B3B /* Favorites.m in Sources */ = {isa = PBXBuildFile; fileRef = 5F716AD31B755B6E00E98B3B /* Favorites.m */; };
		5F716AD51B755B6E00E98B3B /* Favorites.m in Sources */ = {isa = PBXBuildFile; fileRef = 5F716AD31B755B6E00E98B3B /* Favorites.m */; };
		5F716AD81B755B6E00E98B3B /* Link.m in Sources */ = {isa = PBXBuildFile; fileRef = 5F716AD71B755B6E00E98B3B /* Link.m */; };
		5F716AD91B755B6E00E98B3B /* Link.m in Sources */ = {isa = PBXBuildFile; fileRef = 5F716AD71B755B6E00E98B3B /* Link.m */; };
		5F716ADC1B755B6E00E98B3B /* Summary.m in Sources */ = {isa = PBXBuildFile; fileRef = 5F716ADB1B755B6E00E98B3B /* Summary.m */; };
		5F716ADD1B755B6E00E98B3B /* Summary.m in Sources */ = {isa = PBXBuildFile; fileRef = 5F716ADB1B755B6E00E98B3B /* Summary.m */; };
		5F716AE01B755B6E00E98B3B /* ContentTypeAttributes.m in Sources */ = {isa = PBXBuildFile; fileRef = 5F716ADF1B755B6E00E98B3B /* ContentTypeAttributes.m */; };
		5F716AE11B755B6E00E98B3B /* ContentTypeAttributes.m in Sources */ = {isa = PBXBuildFile; fileRef = 5F716ADF1B755B6E00E98B3B /* ContentTypeAttributes.m */; };
		5F716AE41B755B6E00E98B3B /* ArtistAttributes.m in Sources */ = {isa = PBXBuildFile; fileRef = 5F716AE31B755B6E00E98B3B /* ArtistAttributes.m */; };
		5F716AE51B755B6E00E98B3B /* ArtistAttributes.m in Sources */ = {isa = PBXBuildFile; fileRef = 5F716AE31B755B6E00E98B3B /* ArtistAttributes.m */; };
		5F716AE81B755B6E00E98B3B /* IdAttributes.m in Sources */ = {isa = PBXBuildFile; fileRef = 5F716AE71B755B6E00E98B3B /* IdAttributes.m */; };
		5F716AE91B755B6E00E98B3B /* IdAttributes.m in Sources */ = {isa = PBXBuildFile; fileRef = 5F716AE71B755B6E00E98B3B /* IdAttributes.m */; };
		5F716AEC1B755B6E00E98B3B /* Feed.m in Sources */ = {isa = PBXBuildFile; fileRef = 5F716AEB1B755B6E00E98B3B /* Feed.m */; };
		5F716AED1B755B6E00E98B3B /* Feed.m in Sources */ = {isa = PBXBuildFile; fileRef = 5F716AEB1B755B6E00E98B3B /* Feed.m */; };
		5F7B54D91B7573AF0066E835 /* ASIAuthenticationDialog.m in Sources */ = {isa = PBXBuildFile; fileRef = 5F7B54C61B7573AF0066E835 /* ASIAuthenticationDialog.m */; settings = {COMPILER_FLAGS = "-fno-objc-arc"; }; };
		5F7B54DA1B7573AF0066E835 /* ASIDataCompressor.m in Sources */ = {isa = PBXBuildFile; fileRef = 5F7B54C91B7573AF0066E835 /* ASIDataCompressor.m */; settings = {COMPILER_FLAGS = "-fno-objc-arc"; }; };
		5F7B54DB1B7573AF0066E835 /* ASIDataDecompressor.m in Sources */ = {isa = PBXBuildFile; fileRef = 5F7B54CB1B7573AF0066E835 /* ASIDataDecompressor.m */; settings = {COMPILER_FLAGS = "-fno-objc-arc"; }; };
		5F7B54DC1B7573AF0066E835 /* ASIDownloadCache.m in Sources */ = {isa = PBXBuildFile; fileRef = 5F7B54CD1B7573AF0066E835 /* ASIDownloadCache.m */; settings = {COMPILER_FLAGS = "-fno-objc-arc"; }; };
		5F7B54DD1B7573AF0066E835 /* ASIFormDataRequest.m in Sources */ = {isa = PBXBuildFile; fileRef = 5F7B54CF1B7573AF0066E835 /* ASIFormDataRequest.m */; settings = {COMPILER_FLAGS = "-fno-objc-arc"; }; };
		5F7B54DE1B7573AF0066E835 /* ASIHTTPRequest.m in Sources */ = {isa = PBXBuildFile; fileRef = 5F7B54D11B7573AF0066E835 /* ASIHTTPRequest.m */; settings = {COMPILER_FLAGS = "-fno-objc-arc"; }; };
		5F7B54DF1B7573AF0066E835 /* ASIInputStream.m in Sources */ = {isa = PBXBuildFile; fileRef = 5F7B54D51B7573AF0066E835 /* ASIInputStream.m */; settings = {COMPILER_FLAGS = "-fno-objc-arc"; }; };
		5F7B54E01B7573AF0066E835 /* ASINetworkQueue.m in Sources */ = {isa = PBXBuildFile; fileRef = 5F7B54D71B7573AF0066E835 /* ASINetworkQueue.m */; settings = {COMPILER_FLAGS = "-fno-objc-arc"; }; };
		5F7B54E31B7573C40066E835 /* Reachability.m in Sources */ = {isa = PBXBuildFile; fileRef = 5F7B54E21B7573C40066E835 /* Reachability.m */; settings = {COMPILER_FLAGS = "-fno-objc-arc"; }; };
		5F7B54E51B7573F30066E835 /* CFNetwork.framework in Frameworks */ = {isa = PBXBuildFile; fileRef = 5F7B54E41B7573F30066E835 /* CFNetwork.framework */; };
		5F7B54E71B7574050066E835 /* SystemConfiguration.framework in Frameworks */ = {isa = PBXBuildFile; fileRef = 5F7B54E61B7574050066E835 /* SystemConfiguration.framework */; };
		5F7B54E91B75740E0066E835 /* MobileCoreServices.framework in Frameworks */ = {isa = PBXBuildFile; fileRef = 5F7B54E81B75740E0066E835 /* MobileCoreServices.framework */; };
		5F7B54EB1B7577F20066E835 /* libz.dylib in Frameworks */ = {isa = PBXBuildFile; fileRef = 5F7B54EA1B7577F20066E835 /* libz.dylib */; };
/* End PBXBuildFile section */

/* Begin PBXContainerItemProxy section */
		5F7163B31B745D2100E98B3B /* PBXContainerItemProxy */ = {
			isa = PBXContainerItemProxy;
			containerPortal = 5F71638B1B745D2100E98B3B /* Project object */;
			proxyType = 1;
			remoteGlobalIDString = 5F7163921B745D2100E98B3B;
			remoteInfo = Hackerati1;
		};
/* End PBXContainerItemProxy section */

/* Begin PBXFileReference section */
		5F7163931B745D2100E98B3B /* Hackerati1.app */ = {isa = PBXFileReference; explicitFileType = wrapper.application; includeInIndex = 0; path = Hackerati1.app; sourceTree = BUILT_PRODUCTS_DIR; };
		5F7163971B745D2100E98B3B /* Info.plist */ = {isa = PBXFileReference; lastKnownFileType = text.plist.xml; path = Info.plist; sourceTree = "<group>"; };
		5F7163981B745D2100E98B3B /* main.m */ = {isa = PBXFileReference; lastKnownFileType = sourcecode.c.objc; path = main.m; sourceTree = "<group>"; };
		5F71639A1B745D2100E98B3B /* AppDelegate.h */ = {isa = PBXFileReference; lastKnownFileType = sourcecode.c.h; path = AppDelegate.h; sourceTree = "<group>"; };
		5F71639B1B745D2100E98B3B /* AppDelegate.m */ = {isa = PBXFileReference; lastKnownFileType = sourcecode.c.objc; path = AppDelegate.m; sourceTree = "<group>"; };
		5F71639E1B745D2100E98B3B /* Hackerati1.xcdatamodel */ = {isa = PBXFileReference; lastKnownFileType = wrapper.xcdatamodel; path = Hackerati1.xcdatamodel; sourceTree = "<group>"; };
		5F7163A01B745D2100E98B3B /* MasterViewController.h */ = {isa = PBXFileReference; lastKnownFileType = sourcecode.c.h; path = MasterViewController.h; sourceTree = "<group>"; };
		5F7163A11B745D2100E98B3B /* MasterViewController.m */ = {isa = PBXFileReference; lastKnownFileType = sourcecode.c.objc; path = MasterViewController.m; sourceTree = "<group>"; };
		5F7163A31B745D2100E98B3B /* DetailViewController.h */ = {isa = PBXFileReference; lastKnownFileType = sourcecode.c.h; path = DetailViewController.h; sourceTree = "<group>"; };
		5F7163A41B745D2100E98B3B /* DetailViewController.m */ = {isa = PBXFileReference; lastKnownFileType = sourcecode.c.objc; path = DetailViewController.m; sourceTree = "<group>"; };
		5F7163A71B745D2100E98B3B /* Base */ = {isa = PBXFileReference; lastKnownFileType = file.storyboard; name = Base; path = Base.lproj/Main.storyboard; sourceTree = "<group>"; };
		5F7163A91B745D2100E98B3B /* Images.xcassets */ = {isa = PBXFileReference; lastKnownFileType = folder.assetcatalog; path = Images.xcassets; sourceTree = "<group>"; };
		5F7163AC1B745D2100E98B3B /* Base */ = {isa = PBXFileReference; lastKnownFileType = file.xib; name = Base; path = Base.lproj/LaunchScreen.xib; sourceTree = "<group>"; };
		5F7163B21B745D2100E98B3B /* Hackerati1Tests.xctest */ = {isa = PBXFileReference; explicitFileType = wrapper.cfbundle; includeInIndex = 0; path = Hackerati1Tests.xctest; sourceTree = BUILT_PRODUCTS_DIR; };
		5F7163B71B745D2100E98B3B /* Info.plist */ = {isa = PBXFileReference; lastKnownFileType = text.plist.xml; path = Info.plist; sourceTree = "<group>"; };
		5F7163B81B745D2100E98B3B /* Hackerati1Tests.m */ = {isa = PBXFileReference; lastKnownFileType = sourcecode.c.objc; path = Hackerati1Tests.m; sourceTree = "<group>"; };
		5F71642B1B746EA700E98B3B /* DefaultValues.plist */ = {isa = PBXFileReference; fileEncoding = 4; lastKnownFileType = text.plist.xml; path = DefaultValues.plist; sourceTree = "<group>"; };
		5F716A7F1B75435300E98B3B /* Media.xcassets */ = {isa = PBXFileReference; lastKnownFileType = folder.assetcatalog; path = Media.xcassets; sourceTree = "<group>"; };
		5F716A821B755B6B00E98B3B /* LinkAttributes.h */ = {isa = PBXFileReference; fileEncoding = 4; lastKnownFileType = sourcecode.c.h; path = LinkAttributes.h; sourceTree = "<group>"; };
		5F716A831B755B6B00E98B3B /* LinkAttributes.m */ = {isa = PBXFileReference; fileEncoding = 4; lastKnownFileType = sourcecode.c.objc; path = LinkAttributes.m; sourceTree = "<group>"; };
		5F716A861B755B6C00E98B3B /* ImageAttributes.h */ = {isa = PBXFileReference; fileEncoding = 4; lastKnownFileType = sourcecode.c.h; path = ImageAttributes.h; sourceTree = "<group>"; };
		5F716A871B755B6C00E98B3B /* ImageAttributes.m */ = {isa = PBXFileReference; fileEncoding = 4; lastKnownFileType = sourcecode.c.objc; path = ImageAttributes.m; sourceTree = "<group>"; };
		5F716A8A1B755B6C00E98B3B /* Artist.h */ = {isa = PBXFileReference; fileEncoding = 4; lastKnownFileType = sourcecode.c.h; path = Artist.h; sourceTree = "<group>"; };
		5F716A8B1B755B6C00E98B3B /* Artist.m */ = {isa = PBXFileReference; fileEncoding = 4; lastKnownFileType = sourcecode.c.objc; path = Artist.m; sourceTree = "<group>"; };
		5F716A8E1B755B6C00E98B3B /* Icon.h */ = {isa = PBXFileReference; fileEncoding = 4; lastKnownFileType = sourcecode.c.h; path = Icon.h; sourceTree = "<group>"; };
		5F716A8F1B755B6C00E98B3B /* Icon.m */ = {isa = PBXFileReference; fileEncoding = 4; lastKnownFileType = sourcecode.c.objc; path = Icon.m; sourceTree = "<group>"; };
		5F716A921B755B6C00E98B3B /* PriceAttributes.h */ = {isa = PBXFileReference; fileEncoding = 4; lastKnownFileType = sourcecode.c.h; path = PriceAttributes.h; sourceTree = "<group>"; };
		5F716A931B755B6C00E98B3B /* PriceAttributes.m */ = {isa = PBXFileReference; fileEncoding = 4; lastKnownFileType = sourcecode.c.objc; path = PriceAttributes.m; sourceTree = "<group>"; };
		5F716A961B755B6C00E98B3B /* Image.h */ = {isa = PBXFileReference; fileEncoding = 4; lastKnownFileType = sourcecode.c.h; path = Image.h; sourceTree = "<group>"; };
		5F716A971B755B6C00E98B3B /* Image.m */ = {isa = PBXFileReference; fileEncoding = 4; lastKnownFileType = sourcecode.c.objc; path = Image.m; sourceTree = "<group>"; };
		5F716A9A1B755B6C00E98B3B /* Categary.h */ = {isa = PBXFileReference; fileEncoding = 4; lastKnownFileType = sourcecode.c.h; path = Categary.h; sourceTree = "<group>"; };
		5F716A9B1B755B6C00E98B3B /* Categary.m */ = {isa = PBXFileReference; fileEncoding = 4; lastKnownFileType = sourcecode.c.objc; path = Categary.m; sourceTree = "<group>"; };
		5F716A9E1B755B6C00E98B3B /* CategoryAttributes.h */ = {isa = PBXFileReference; fileEncoding = 4; lastKnownFileType = sourcecode.c.h; path = CategoryAttributes.h; sourceTree = "<group>"; };
		5F716A9F1B755B6C00E98B3B /* CategoryAttributes.m */ = {isa = PBXFileReference; fileEncoding = 4; lastKnownFileType = sourcecode.c.objc; path = CategoryAttributes.m; sourceTree = "<group>"; };
		5F716AA21B755B6D00E98B3B /* Updated.h */ = {isa = PBXFileReference; fileEncoding = 4; lastKnownFileType = sourcecode.c.h; path = Updated.h; sourceTree = "<group>"; };
		5F716AA31B755B6D00E98B3B /* Updated.m */ = {isa = PBXFileReference; fileEncoding = 4; lastKnownFileType = sourcecode.c.objc; path = Updated.m; sourceTree = "<group>"; };
		5F716AA61B755B6D00E98B3B /* Name.h */ = {isa = PBXFileReference; fileEncoding = 4; lastKnownFileType = sourcecode.c.h; path = Name.h; sourceTree = "<group>"; };
		5F716AA71B755B6D00E98B3B /* Name.m */ = {isa = PBXFileReference; fileEncoding = 4; lastKnownFileType = sourcecode.c.objc; path = Name.m; sourceTree = "<group>"; };
		5F716AAA1B755B6D00E98B3B /* Rights.h */ = {isa = PBXFileReference; fileEncoding = 4; lastKnownFileType = sourcecode.c.h; path = Rights.h; sourceTree = "<group>"; };
		5F716AAB1B755B6D00E98B3B /* Rights.m */ = {isa = PBXFileReference; fileEncoding = 4; lastKnownFileType = sourcecode.c.objc; path = Rights.m; sourceTree = "<group>"; };
		5F716AAE1B755B6D00E98B3B /* Uri.h */ = {isa = PBXFileReference; fileEncoding = 4; lastKnownFileType = sourcecode.c.h; path = Uri.h; sourceTree = "<group>"; };
		5F716AAF1B755B6D00E98B3B /* Uri.m */ = {isa = PBXFileReference; fileEncoding = 4; lastKnownFileType = sourcecode.c.objc; path = Uri.m; sourceTree = "<group>"; };
		5F716AB21B755B6D00E98B3B /* ContentType.h */ = {isa = PBXFileReference; fileEncoding = 4; lastKnownFileType = sourcecode.c.h; path = ContentType.h; sourceTree = "<group>"; };
		5F716AB31B755B6D00E98B3B /* ContentType.m */ = {isa = PBXFileReference; fileEncoding = 4; lastKnownFileType = sourcecode.c.objc; path = ContentType.m; sourceTree = "<group>"; };
		5F716AB61B755B6D00E98B3B /* Author.h */ = {isa = PBXFileReference; fileEncoding = 4; lastKnownFileType = sourcecode.c.h; path = Author.h; sourceTree = "<group>"; };
		5F716AB71B755B6D00E98B3B /* Author.m */ = {isa = PBXFileReference; fileEncoding = 4; lastKnownFileType = sourcecode.c.objc; path = Author.m; sourceTree = "<group>"; };
		5F716ABA1B755B6D00E98B3B /* Title.h */ = {isa = PBXFileReference; fileEncoding = 4; lastKnownFileType = sourcecode.c.h; path = Title.h; sourceTree = "<group>"; };
		5F716ABB1B755B6D00E98B3B /* Title.m */ = {isa = PBXFileReference; fileEncoding = 4; lastKnownFileType = sourcecode.c.objc; path = Title.m; sourceTree = "<group>"; };
		5F716ABE1B755B6D00E98B3B /* Id.h */ = {isa = PBXFileReference; fileEncoding = 4; lastKnownFileType = sourcecode.c.h; path = Id.h; sourceTree = "<group>"; };
		5F716ABF1B755B6D00E98B3B /* Id.m */ = {isa = PBXFileReference; fileEncoding = 4; lastKnownFileType = sourcecode.c.objc; path = Id.m; sourceTree = "<group>"; };
		5F716AC21B755B6D00E98B3B /* Price.h */ = {isa = PBXFileReference; fileEncoding = 4; lastKnownFileType = sourcecode.c.h; path = Price.h; sourceTree = "<group>"; };
		5F716AC31B755B6D00E98B3B /* Price.m */ = {isa = PBXFileReference; fileEncoding = 4; lastKnownFileType = sourcecode.c.objc; path = Price.m; sourceTree = "<group>"; };
		5F716AC61B755B6D00E98B3B /* ReleaseDateAttributes.h */ = {isa = PBXFileReference; fileEncoding = 4; lastKnownFileType = sourcecode.c.h; path = ReleaseDateAttributes.h; sourceTree = "<group>"; };
		5F716AC71B755B6E00E98B3B /* ReleaseDateAttributes.m */ = {isa = PBXFileReference; fileEncoding = 4; lastKnownFileType = sourcecode.c.objc; path = ReleaseDateAttributes.m; sourceTree = "<group>"; };
		5F716ACA1B755B6E00E98B3B /* ReleaseDate.h */ = {isa = PBXFileReference; fileEncoding = 4; lastKnownFileType = sourcecode.c.h; path = ReleaseDate.h; sourceTree = "<group>"; };
		5F716ACB1B755B6E00E98B3B /* ReleaseDate.m */ = {isa = PBXFileReference; fileEncoding = 4; lastKnownFileType = sourcecode.c.objc; path = ReleaseDate.m; sourceTree = "<group>"; };
		5F716ACE1B755B6E00E98B3B /* Entry.h */ = {isa = PBXFileReference; fileEncoding = 4; lastKnownFileType = sourcecode.c.h; path = Entry.h; sourceTree = "<group>"; };
		5F716ACF1B755B6E00E98B3B /* Entry.m */ = {isa = PBXFileReference; fileEncoding = 4; lastKnownFileType = sourcecode.c.objc; path = Entry.m; sourceTree = "<group>"; };
		5F716AD21B755B6E00E98B3B /* Favorites.h */ = {isa = PBXFileReference; fileEncoding = 4; lastKnownFileType = sourcecode.c.h; path = Favorites.h; sourceTree = "<group>"; };
		5F716AD31B755B6E00E98B3B /* Favorites.m */ = {isa = PBXFileReference; fileEncoding = 4; lastKnownFileType = sourcecode.c.objc; path = Favorites.m; sourceTree = "<group>"; };
		5F716AD61B755B6E00E98B3B /* Link.h */ = {isa = PBXFileReference; fileEncoding = 4; lastKnownFileType = sourcecode.c.h; path = Link.h; sourceTree = "<group>"; };
		5F716AD71B755B6E00E98B3B /* Link.m */ = {isa = PBXFileReference; fileEncoding = 4; lastKnownFileType = sourcecode.c.objc; path = Link.m; sourceTree = "<group>"; };
		5F716ADA1B755B6E00E98B3B /* Summary.h */ = {isa = PBXFileReference; fileEncoding = 4; lastKnownFileType = sourcecode.c.h; path = Summary.h; sourceTree = "<group>"; };
		5F716ADB1B755B6E00E98B3B /* Summary.m */ = {isa = PBXFileReference; fileEncoding = 4; lastKnownFileType = sourcecode.c.objc; path = Summary.m; sourceTree = "<group>"; };
		5F716ADE1B755B6E00E98B3B /* ContentTypeAttributes.h */ = {isa = PBXFileReference; fileEncoding = 4; lastKnownFileType = sourcecode.c.h; path = ContentTypeAttributes.h; sourceTree = "<group>"; };
		5F716ADF1B755B6E00E98B3B /* ContentTypeAttributes.m */ = {isa = PBXFileReference; fileEncoding = 4; lastKnownFileType = sourcecode.c.objc; path = ContentTypeAttributes.m; sourceTree = "<group>"; };
		5F716AE21B755B6E00E98B3B /* ArtistAttributes.h */ = {isa = PBXFileReference; fileEncoding = 4; lastKnownFileType = sourcecode.c.h; path = ArtistAttributes.h; sourceTree = "<group>"; };
		5F716AE31B755B6E00E98B3B /* ArtistAttributes.m */ = {isa = PBXFileReference; fileEncoding = 4; lastKnownFileType = sourcecode.c.objc; path = ArtistAttributes.m; sourceTree = "<group>"; };
		5F716AE61B755B6E00E98B3B /* IdAttributes.h */ = {isa = PBXFileReference; fileEncoding = 4; lastKnownFileType = sourcecode.c.h; path = IdAttributes.h; sourceTree = "<group>"; };
		5F716AE71B755B6E00E98B3B /* IdAttributes.m */ = {isa = PBXFileReference; fileEncoding = 4; lastKnownFileType = sourcecode.c.objc; path = IdAttributes.m; sourceTree = "<group>"; };
		5F716AEA1B755B6E00E98B3B /* Feed.h */ = {isa = PBXFileReference; fileEncoding = 4; lastKnownFileType = sourcecode.c.h; path = Feed.h; sourceTree = "<group>"; };
		5F716AEB1B755B6E00E98B3B /* Feed.m */ = {isa = PBXFileReference; fileEncoding = 4; lastKnownFileType = sourcecode.c.objc; path = Feed.m; sourceTree = "<group>"; };
		5F7B54C51B7573AF0066E835 /* ASIAuthenticationDialog.h */ = {isa = PBXFileReference; fileEncoding = 4; lastKnownFileType = sourcecode.c.h; path = ASIAuthenticationDialog.h; sourceTree = "<group>"; };
		5F7B54C61B7573AF0066E835 /* ASIAuthenticationDialog.m */ = {isa = PBXFileReference; fileEncoding = 4; lastKnownFileType = sourcecode.c.objc; path = ASIAuthenticationDialog.m; sourceTree = "<group>"; };
		5F7B54C71B7573AF0066E835 /* ASICacheDelegate.h */ = {isa = PBXFileReference; fileEncoding = 4; lastKnownFileType = sourcecode.c.h; path = ASICacheDelegate.h; sourceTree = "<group>"; };
		5F7B54C81B7573AF0066E835 /* ASIDataCompressor.h */ = {isa = PBXFileReference; fileEncoding = 4; lastKnownFileType = sourcecode.c.h; path = ASIDataCompressor.h; sourceTree = "<group>"; };
		5F7B54C91B7573AF0066E835 /* ASIDataCompressor.m */ = {isa = PBXFileReference; fileEncoding = 4; lastKnownFileType = sourcecode.c.objc; path = ASIDataCompressor.m; sourceTree = "<group>"; };
		5F7B54CA1B7573AF0066E835 /* ASIDataDecompressor.h */ = {isa = PBXFileReference; fileEncoding = 4; lastKnownFileType = sourcecode.c.h; path = ASIDataDecompressor.h; sourceTree = "<group>"; };
		5F7B54CB1B7573AF0066E835 /* ASIDataDecompressor.m */ = {isa = PBXFileReference; fileEncoding = 4; lastKnownFileType = sourcecode.c.objc; path = ASIDataDecompressor.m; sourceTree = "<group>"; };
		5F7B54CC1B7573AF0066E835 /* ASIDownloadCache.h */ = {isa = PBXFileReference; fileEncoding = 4; lastKnownFileType = sourcecode.c.h; path = ASIDownloadCache.h; sourceTree = "<group>"; };
		5F7B54CD1B7573AF0066E835 /* ASIDownloadCache.m */ = {isa = PBXFileReference; fileEncoding = 4; lastKnownFileType = sourcecode.c.objc; path = ASIDownloadCache.m; sourceTree = "<group>"; };
		5F7B54CE1B7573AF0066E835 /* ASIFormDataRequest.h */ = {isa = PBXFileReference; fileEncoding = 4; lastKnownFileType = sourcecode.c.h; path = ASIFormDataRequest.h; sourceTree = "<group>"; };
		5F7B54CF1B7573AF0066E835 /* ASIFormDataRequest.m */ = {isa = PBXFileReference; fileEncoding = 4; lastKnownFileType = sourcecode.c.objc; path = ASIFormDataRequest.m; sourceTree = "<group>"; };
		5F7B54D01B7573AF0066E835 /* ASIHTTPRequest.h */ = {isa = PBXFileReference; fileEncoding = 4; lastKnownFileType = sourcecode.c.h; path = ASIHTTPRequest.h; sourceTree = "<group>"; };
		5F7B54D11B7573AF0066E835 /* ASIHTTPRequest.m */ = {isa = PBXFileReference; fileEncoding = 4; lastKnownFileType = sourcecode.c.objc; path = ASIHTTPRequest.m; sourceTree = "<group>"; };
		5F7B54D21B7573AF0066E835 /* ASIHTTPRequestConfig.h */ = {isa = PBXFileReference; fileEncoding = 4; lastKnownFileType = sourcecode.c.h; path = ASIHTTPRequestConfig.h; sourceTree = "<group>"; };
		5F7B54D31B7573AF0066E835 /* ASIHTTPRequestDelegate.h */ = {isa = PBXFileReference; fileEncoding = 4; lastKnownFileType = sourcecode.c.h; path = ASIHTTPRequestDelegate.h; sourceTree = "<group>"; };
		5F7B54D41B7573AF0066E835 /* ASIInputStream.h */ = {isa = PBXFileReference; fileEncoding = 4; lastKnownFileType = sourcecode.c.h; path = ASIInputStream.h; sourceTree = "<group>"; };
		5F7B54D51B7573AF0066E835 /* ASIInputStream.m */ = {isa = PBXFileReference; fileEncoding = 4; lastKnownFileType = sourcecode.c.objc; path = ASIInputStream.m; sourceTree = "<group>"; };
		5F7B54D61B7573AF0066E835 /* ASINetworkQueue.h */ = {isa = PBXFileReference; fileEncoding = 4; lastKnownFileType = sourcecode.c.h; path = ASINetworkQueue.h; sourceTree = "<group>"; };
		5F7B54D71B7573AF0066E835 /* ASINetworkQueue.m */ = {isa = PBXFileReference; fileEncoding = 4; lastKnownFileType = sourcecode.c.objc; path = ASINetworkQueue.m; sourceTree = "<group>"; };
		5F7B54D81B7573AF0066E835 /* ASIProgressDelegate.h */ = {isa = PBXFileReference; fileEncoding = 4; lastKnownFileType = sourcecode.c.h; path = ASIProgressDelegate.h; sourceTree = "<group>"; };
		5F7B54E11B7573C40066E835 /* Reachability.h */ = {isa = PBXFileReference; fileEncoding = 4; lastKnownFileType = sourcecode.c.h; path = Reachability.h; sourceTree = "<group>"; };
		5F7B54E21B7573C40066E835 /* Reachability.m */ = {isa = PBXFileReference; fileEncoding = 4; lastKnownFileType = sourcecode.c.objc; path = Reachability.m; sourceTree = "<group>"; };
		5F7B54E41B7573F30066E835 /* CFNetwork.framework */ = {isa = PBXFileReference; lastKnownFileType = wrapper.framework; name = CFNetwork.framework; path = System/Library/Frameworks/CFNetwork.framework; sourceTree = SDKROOT; };
		5F7B54E61B7574050066E835 /* SystemConfiguration.framework */ = {isa = PBXFileReference; lastKnownFileType = wrapper.framework; name = SystemConfiguration.framework; path = System/Library/Frameworks/SystemConfiguration.framework; sourceTree = SDKROOT; };
		5F7B54E81B75740E0066E835 /* MobileCoreServices.framework */ = {isa = PBXFileReference; lastKnownFileType = wrapper.framework; name = MobileCoreServices.framework; path = System/Library/Frameworks/MobileCoreServices.framework; sourceTree = SDKROOT; };
		5F7B54EA1B7577F20066E835 /* libz.dylib */ = {isa = PBXFileReference; lastKnownFileType = "compiled.mach-o.dylib"; name = libz.dylib; path = usr/lib/libz.dylib; sourceTree = SDKROOT; };
/* End PBXFileReference section */

/* Begin PBXFrameworksBuildPhase section */
		5F7163901B745D2100E98B3B /* Frameworks */ = {
			isa = PBXFrameworksBuildPhase;
			buildActionMask = 2147483647;
			files = (
				5F7B54EB1B7577F20066E835 /* libz.dylib in Frameworks */,
				5F7B54E91B75740E0066E835 /* MobileCoreServices.framework in Frameworks */,
				5F7B54E71B7574050066E835 /* SystemConfiguration.framework in Frameworks */,
				5F7B54E51B7573F30066E835 /* CFNetwork.framework in Frameworks */,
			);
			runOnlyForDeploymentPostprocessing = 0;
		};
		5F7163AF1B745D2100E98B3B /* Frameworks */ = {
			isa = PBXFrameworksBuildPhase;
			buildActionMask = 2147483647;
			files = (
			);
			runOnlyForDeploymentPostprocessing = 0;
		};
/* End PBXFrameworksBuildPhase section */

/* Begin PBXGroup section */
		5F71638A1B745D2100E98B3B = {
			isa = PBXGroup;
			children = (
				5F7B54EA1B7577F20066E835 /* libz.dylib */,
				5F7B54E81B75740E0066E835 /* MobileCoreServices.framework */,
				5F7B54E61B7574050066E835 /* SystemConfiguration.framework */,
				5F7B54E41B7573F30066E835 /* CFNetwork.framework */,
				5F7163951B745D2100E98B3B /* Hackerati1 */,
				5F7163B51B745D2100E98B3B /* Hackerati1Tests */,
				5F7163941B745D2100E98B3B /* Products */,
			);
			sourceTree = "<group>";
		};
		5F7163941B745D2100E98B3B /* Products */ = {
			isa = PBXGroup;
			children = (
				5F7163931B745D2100E98B3B /* Hackerati1.app */,
				5F7163B21B745D2100E98B3B /* Hackerati1Tests.xctest */,
			);
			name = Products;
			sourceTree = "<group>";
		};
		5F7163951B745D2100E98B3B /* Hackerati1 */ = {
			isa = PBXGroup;
			children = (
				5F7B54C41B7573500066E835 /* ASIHTTPRequest */,
				5F71642A1B746E7900E98B3B /* managedObjects */,
				5F71639A1B745D2100E98B3B /* AppDelegate.h */,
				5F71639B1B745D2100E98B3B /* AppDelegate.m */,
				5F7163A01B745D2100E98B3B /* MasterViewController.h */,
				5F7163A11B745D2100E98B3B /* MasterViewController.m */,
				5F7163A31B745D2100E98B3B /* DetailViewController.h */,
				5F7163A41B745D2100E98B3B /* DetailViewController.m */,
				5F7163A61B745D2100E98B3B /* Main.storyboard */,
				5F7163A91B745D2100E98B3B /* Images.xcassets */,
				5F7163AB1B745D2100E98B3B /* LaunchScreen.xib */,
				5F71639D1B745D2100E98B3B /* Hackerati1.xcdatamodeld */,
				5F7163961B745D2100E98B3B /* Supporting Files */,
			);
			path = Hackerati1;
			sourceTree = "<group>";
		};
		5F7163961B745D2100E98B3B /* Supporting Files */ = {
			isa = PBXGroup;
			children = (
				5F7163971B745D2100E98B3B /* Info.plist */,
				5F7163981B745D2100E98B3B /* main.m */,
				5F71642B1B746EA700E98B3B /* DefaultValues.plist */,
				5F716A7F1B75435300E98B3B /* Media.xcassets */,
			);
			name = "Supporting Files";
			sourceTree = "<group>";
		};
		5F7163B51B745D2100E98B3B /* Hackerati1Tests */ = {
			isa = PBXGroup;
			children = (
				5F7163B81B745D2100E98B3B /* Hackerati1Tests.m */,
				5F7163B61B745D2100E98B3B /* Supporting Files */,
			);
			path = Hackerati1Tests;
			sourceTree = "<group>";
		};
		5F7163B61B745D2100E98B3B /* Supporting Files */ = {
			isa = PBXGroup;
			children = (
				5F7163B71B745D2100E98B3B /* Info.plist */,
			);
			name = "Supporting Files";
			sourceTree = "<group>";
		};
		5F71642A1B746E7900E98B3B /* managedObjects */ = {
			isa = PBXGroup;
			children = (
				5F716A821B755B6B00E98B3B /* LinkAttributes.h */,
				5F716A831B755B6B00E98B3B /* LinkAttributes.m */,
				5F716A861B755B6C00E98B3B /* ImageAttributes.h */,
				5F716A871B755B6C00E98B3B /* ImageAttributes.m */,
				5F716A8A1B755B6C00E98B3B /* Artist.h */,
				5F716A8B1B755B6C00E98B3B /* Artist.m */,
				5F716A8E1B755B6C00E98B3B /* Icon.h */,
				5F716A8F1B755B6C00E98B3B /* Icon.m */,
				5F716A921B755B6C00E98B3B /* PriceAttributes.h */,
				5F716A931B755B6C00E98B3B /* PriceAttributes.m */,
				5F716A961B755B6C00E98B3B /* Image.h */,
				5F716A971B755B6C00E98B3B /* Image.m */,
				5F716A9A1B755B6C00E98B3B /* Categary.h */,
				5F716A9B1B755B6C00E98B3B /* Categary.m */,
				5F716A9E1B755B6C00E98B3B /* CategoryAttributes.h */,
				5F716A9F1B755B6C00E98B3B /* CategoryAttributes.m */,
				5F716AA21B755B6D00E98B3B /* Updated.h */,
				5F716AA31B755B6D00E98B3B /* Updated.m */,
				5F716AA61B755B6D00E98B3B /* Name.h */,
				5F716AA71B755B6D00E98B3B /* Name.m */,
				5F716AAA1B755B6D00E98B3B /* Rights.h */,
				5F716AAB1B755B6D00E98B3B /* Rights.m */,
				5F716AAE1B755B6D00E98B3B /* Uri.h */,
				5F716AAF1B755B6D00E98B3B /* Uri.m */,
				5F716AB21B755B6D00E98B3B /* ContentType.h */,
				5F716AB31B755B6D00E98B3B /* ContentType.m */,
				5F716AB61B755B6D00E98B3B /* Author.h */,
				5F716AB71B755B6D00E98B3B /* Author.m */,
				5F716ABA1B755B6D00E98B3B /* Title.h */,
				5F716ABB1B755B6D00E98B3B /* Title.m */,
				5F716ABE1B755B6D00E98B3B /* Id.h */,
				5F716ABF1B755B6D00E98B3B /* Id.m */,
				5F716AC21B755B6D00E98B3B /* Price.h */,
				5F716AC31B755B6D00E98B3B /* Price.m */,
				5F716AC61B755B6D00E98B3B /* ReleaseDateAttributes.h */,
				5F716AC71B755B6E00E98B3B /* ReleaseDateAttributes.m */,
				5F716ACA1B755B6E00E98B3B /* ReleaseDate.h */,
				5F716ACB1B755B6E00E98B3B /* ReleaseDate.m */,
				5F716ACE1B755B6E00E98B3B /* Entry.h */,
				5F716ACF1B755B6E00E98B3B /* Entry.m */,
				5F716AD21B755B6E00E98B3B /* Favorites.h */,
				5F716AD31B755B6E00E98B3B /* Favorites.m */,
				5F716AD61B755B6E00E98B3B /* Link.h */,
				5F716AD71B755B6E00E98B3B /* Link.m */,
				5F716ADA1B755B6E00E98B3B /* Summary.h */,
				5F716ADB1B755B6E00E98B3B /* Summary.m */,
				5F716ADE1B755B6E00E98B3B /* ContentTypeAttributes.h */,
				5F716ADF1B755B6E00E98B3B /* ContentTypeAttributes.m */,
				5F716AE21B755B6E00E98B3B /* ArtistAttributes.h */,
				5F716AE31B755B6E00E98B3B /* ArtistAttributes.m */,
				5F716AE61B755B6E00E98B3B /* IdAttributes.h */,
				5F716AE71B755B6E00E98B3B /* IdAttributes.m */,
				5F716AEA1B755B6E00E98B3B /* Feed.h */,
				5F716AEB1B755B6E00E98B3B /* Feed.m */,
			);
			name = managedObjects;
			sourceTree = "<group>";
		};
		5F7B54C41B7573500066E835 /* ASIHTTPRequest */ = {
			isa = PBXGroup;
			children = (
				5F7B54E11B7573C40066E835 /* Reachability.h */,
				5F7B54E21B7573C40066E835 /* Reachability.m */,
				5F7B54C51B7573AF0066E835 /* ASIAuthenticationDialog.h */,
				5F7B54C61B7573AF0066E835 /* ASIAuthenticationDialog.m */,
				5F7B54C71B7573AF0066E835 /* ASICacheDelegate.h */,
				5F7B54C81B7573AF0066E835 /* ASIDataCompressor.h */,
				5F7B54C91B7573AF0066E835 /* ASIDataCompressor.m */,
				5F7B54CA1B7573AF0066E835 /* ASIDataDecompressor.h */,
				5F7B54CB1B7573AF0066E835 /* ASIDataDecompressor.m */,
				5F7B54CC1B7573AF0066E835 /* ASIDownloadCache.h */,
				5F7B54CD1B7573AF0066E835 /* ASIDownloadCache.m */,
				5F7B54CE1B7573AF0066E835 /* ASIFormDataRequest.h */,
				5F7B54CF1B7573AF0066E835 /* ASIFormDataRequest.m */,
				5F7B54D01B7573AF0066E835 /* ASIHTTPRequest.h */,
				5F7B54D11B7573AF0066E835 /* ASIHTTPRequest.m */,
				5F7B54D21B7573AF0066E835 /* ASIHTTPRequestConfig.h */,
				5F7B54D31B7573AF0066E835 /* ASIHTTPRequestDelegate.h */,
				5F7B54D41B7573AF0066E835 /* ASIInputStream.h */,
				5F7B54D51B7573AF0066E835 /* ASIInputStream.m */,
				5F7B54D61B7573AF0066E835 /* ASINetworkQueue.h */,
				5F7B54D71B7573AF0066E835 /* ASINetworkQueue.m */,
				5F7B54D81B7573AF0066E835 /* ASIProgressDelegate.h */,
			);
			name = ASIHTTPRequest;
			sourceTree = "<group>";
		};
/* End PBXGroup section */

/* Begin PBXNativeTarget section */
		5F7163921B745D2100E98B3B /* Hackerati1 */ = {
			isa = PBXNativeTarget;
			buildConfigurationList = 5F7163BC1B745D2100E98B3B /* Build configuration list for PBXNativeTarget "Hackerati1" */;
			buildPhases = (
				5F71638F1B745D2100E98B3B /* Sources */,
				5F7163901B745D2100E98B3B /* Frameworks */,
				5F7163911B745D2100E98B3B /* Resources */,
			);
			buildRules = (
			);
			dependencies = (
			);
			name = Hackerati1;
			productName = Hackerati1;
			productReference = 5F7163931B745D2100E98B3B /* Hackerati1.app */;
			productType = "com.apple.product-type.application";
		};
		5F7163B11B745D2100E98B3B /* Hackerati1Tests */ = {
			isa = PBXNativeTarget;
			buildConfigurationList = 5F7163BF1B745D2100E98B3B /* Build configuration list for PBXNativeTarget "Hackerati1Tests" */;
			buildPhases = (
				5F7163AE1B745D2100E98B3B /* Sources */,
				5F7163AF1B745D2100E98B3B /* Frameworks */,
				5F7163B01B745D2100E98B3B /* Resources */,
			);
			buildRules = (
			);
			dependencies = (
				5F7163B41B745D2100E98B3B /* PBXTargetDependency */,
			);
			name = Hackerati1Tests;
			productName = Hackerati1Tests;
			productReference = 5F7163B21B745D2100E98B3B /* Hackerati1Tests.xctest */;
			productType = "com.apple.product-type.bundle.unit-test";
		};
/* End PBXNativeTarget section */

/* Begin PBXProject section */
		5F71638B1B745D2100E98B3B /* Project object */ = {
			isa = PBXProject;
			attributes = {
				LastUpgradeCheck = 0640;
				ORGANIZATIONNAME = "James Folk";
				TargetAttributes = {
					5F7163921B745D2100E98B3B = {
						CreatedOnToolsVersion = 6.4;
					};
					5F7163B11B745D2100E98B3B = {
						CreatedOnToolsVersion = 6.4;
						TestTargetID = 5F7163921B745D2100E98B3B;
					};
				};
			};
			buildConfigurationList = 5F71638E1B745D2100E98B3B /* Build configuration list for PBXProject "Hackerati1" */;
			compatibilityVersion = "Xcode 3.2";
			developmentRegion = English;
			hasScannedForEncodings = 0;
			knownRegions = (
				en,
				Base,
			);
			mainGroup = 5F71638A1B745D2100E98B3B;
			productRefGroup = 5F7163941B745D2100E98B3B /* Products */;
			projectDirPath = "";
			projectRoot = "";
			targets = (
				5F7163921B745D2100E98B3B /* Hackerati1 */,
				5F7163B11B745D2100E98B3B /* Hackerati1Tests */,
			);
		};
/* End PBXProject section */

/* Begin PBXResourcesBuildPhase section */
		5F7163911B745D2100E98B3B /* Resources */ = {
			isa = PBXResourcesBuildPhase;
			buildActionMask = 2147483647;
			files = (
				5F716A801B75435300E98B3B /* Media.xcassets in Resources */,
				5F7163A81B745D2100E98B3B /* Main.storyboard in Resources */,
				5F7163AD1B745D2100E98B3B /* LaunchScreen.xib in Resources */,
				5F71642C1B746EA700E98B3B /* DefaultValues.plist in Resources */,
				5F7163AA1B745D2100E98B3B /* Images.xcassets in Resources */,
			);
			runOnlyForDeploymentPostprocessing = 0;
		};
		5F7163B01B745D2100E98B3B /* Resources */ = {
			isa = PBXResourcesBuildPhase;
			buildActionMask = 2147483647;
			files = (
				5F716A811B75435300E98B3B /* Media.xcassets in Resources */,
				5F71642D1B746EA700E98B3B /* DefaultValues.plist in Resources */,
			);
			runOnlyForDeploymentPostprocessing = 0;
		};
/* End PBXResourcesBuildPhase section */

/* Begin PBXSourcesBuildPhase section */
		5F71638F1B745D2100E98B3B /* Sources */ = {
			isa = PBXSourcesBuildPhase;
			buildActionMask = 2147483647;
			files = (
				5F716A841B755B6B00E98B3B /* LinkAttributes.m in Sources */,
				5F716AA81B755B6D00E98B3B /* Name.m in Sources */,
				5F7163A51B745D2100E98B3B /* DetailViewController.m in Sources */,
				5F716ABC1B755B6D00E98B3B /* Title.m in Sources */,
				5F7B54DB1B7573AF0066E835 /* ASIDataDecompressor.m in Sources */,
				5F716AB41B755B6D00E98B3B /* ContentType.m in Sources */,
				5F716A981B755B6C00E98B3B /* Image.m in Sources */,
				5F7163A21B745D2100E98B3B /* MasterViewController.m in Sources */,
				5F716ACC1B755B6E00E98B3B /* ReleaseDate.m in Sources */,
				5F716A941B755B6C00E98B3B /* PriceAttributes.m in Sources */,
				5F71639C1B745D2100E98B3B /* AppDelegate.m in Sources */,
				5F7B54D91B7573AF0066E835 /* ASIAuthenticationDialog.m in Sources */,
				5F716AA41B755B6D00E98B3B /* Updated.m in Sources */,
				5F716AE41B755B6E00E98B3B /* ArtistAttributes.m in Sources */,
				5F7B54DF1B7573AF0066E835 /* ASIInputStream.m in Sources */,
				5F7B54DC1B7573AF0066E835 /* ASIDownloadCache.m in Sources */,
				5F716AC01B755B6D00E98B3B /* Id.m in Sources */,
				5F7163991B745D2100E98B3B /* main.m in Sources */,
				5F716A901B755B6C00E98B3B /* Icon.m in Sources */,
				5F7B54DD1B7573AF0066E835 /* ASIFormDataRequest.m in Sources */,
				5F716AD81B755B6E00E98B3B /* Link.m in Sources */,
				5F716AB01B755B6D00E98B3B /* Uri.m in Sources */,
				5F716ADC1B755B6E00E98B3B /* Summary.m in Sources */,
				5F716AAC1B755B6D00E98B3B /* Rights.m in Sources */,
				5F7B54E01B7573AF0066E835 /* ASINetworkQueue.m in Sources */,
				5F716AA01B755B6C00E98B3B /* CategoryAttributes.m in Sources */,
				5F716AD01B755B6E00E98B3B /* Entry.m in Sources */,
				5F716AEC1B755B6E00E98B3B /* Feed.m in Sources */,
				5F716AC41B755B6D00E98B3B /* Price.m in Sources */,
				5F716AE01B755B6E00E98B3B /* ContentTypeAttributes.m in Sources */,
				5F716AB81B755B6D00E98B3B /* Author.m in Sources */,
				5F716A9C1B755B6C00E98B3B /* Categary.m in Sources */,
				5F716AD41B755B6E00E98B3B /* Favorites.m in Sources */,
				5F7B54DA1B7573AF0066E835 /* ASIDataCompressor.m in Sources */,
				5F716AC81B755B6E00E98B3B /* ReleaseDateAttributes.m in Sources */,
				5F716A881B755B6C00E98B3B /* ImageAttributes.m in Sources */,
				5F716AE81B755B6E00E98B3B /* IdAttributes.m in Sources */,
				5F7B54DE1B7573AF0066E835 /* ASIHTTPRequest.m in Sources */,
				5F716A8C1B755B6C00E98B3B /* Artist.m in Sources */,
				5F7B54E31B7573C40066E835 /* Reachability.m in Sources */,
				5F71639F1B745D2100E98B3B /* Hackerati1.xcdatamodeld in Sources */,
			);
			runOnlyForDeploymentPostprocessing = 0;
		};
		5F7163AE1B745D2100E98B3B /* Sources */ = {
			isa = PBXSourcesBuildPhase;
			buildActionMask = 2147483647;
			files = (
				5F716AC11B755B6D00E98B3B /* Id.m in Sources */,
				5F716AB91B755B6D00E98B3B /* Author.m in Sources */,
				5F716AE11B755B6E00E98B3B /* ContentTypeAttributes.m in Sources */,
				5F716A911B755B6C00E98B3B /* Icon.m in Sources */,
				5F716ABD1B755B6D00E98B3B /* Title.m in Sources */,
				5F716A8D1B755B6C00E98B3B /* Artist.m in Sources */,
				5F716AD51B755B6E00E98B3B /* Favorites.m in Sources */,
				5F716AB51B755B6D00E98B3B /* ContentType.m in Sources */,
				5F716AA11B755B6C00E98B3B /* CategoryAttributes.m in Sources */,
				5F716AED1B755B6E00E98B3B /* Feed.m in Sources */,
				5F716AE51B755B6E00E98B3B /* ArtistAttributes.m in Sources */,
				5F716ACD1B755B6E00E98B3B /* ReleaseDate.m in Sources */,
				5F716A991B755B6C00E98B3B /* Image.m in Sources */,
				5F716AC51B755B6D00E98B3B /* Price.m in Sources */,
				5F716ADD1B755B6E00E98B3B /* Summary.m in Sources */,
				5F7163B91B745D2100E98B3B /* Hackerati1Tests.m in Sources */,
				5F716AD91B755B6E00E98B3B /* Link.m in Sources */,
				5F716AAD1B755B6D00E98B3B /* Rights.m in Sources */,
				5F716AD11B755B6E00E98B3B /* Entry.m in Sources */,
				5F716A951B755B6C00E98B3B /* PriceAttributes.m in Sources */,
				5F716AA51B755B6D00E98B3B /* Updated.m in Sources */,
				5F716A891B755B6C00E98B3B /* ImageAttributes.m in Sources */,
				5F716A9D1B755B6C00E98B3B /* Categary.m in Sources */,
				5F716A851B755B6B00E98B3B /* LinkAttributes.m in Sources */,
				5F716AC91B755B6E00E98B3B /* ReleaseDateAttributes.m in Sources */,
				5F716AE91B755B6E00E98B3B /* IdAttributes.m in Sources */,
				5F716AB11B755B6D00E98B3B /* Uri.m in Sources */,
				5F716AA91B755B6D00E98B3B /* Name.m in Sources */,
			);
			runOnlyForDeploymentPostprocessing = 0;
		};
/* End PBXSourcesBuildPhase section */

/* Begin PBXTargetDependency section */
		5F7163B41B745D2100E98B3B /* PBXTargetDependency */ = {
			isa = PBXTargetDependency;
			target = 5F7163921B745D2100E98B3B /* Hackerati1 */;
			targetProxy = 5F7163B31B745D2100E98B3B /* PBXContainerItemProxy */;
		};
/* End PBXTargetDependency section */

/* Begin PBXVariantGroup section */
		5F7163A61B745D2100E98B3B /* Main.storyboard */ = {
			isa = PBXVariantGroup;
			children = (
				5F7163A71B745D2100E98B3B /* Base */,
			);
			name = Main.storyboard;
			sourceTree = "<group>";
		};
		5F7163AB1B745D2100E98B3B /* LaunchScreen.xib */ = {
			isa = PBXVariantGroup;
			children = (
				5F7163AC1B745D2100E98B3B /* Base */,
			);
			name = LaunchScreen.xib;
			sourceTree = "<group>";
		};
/* End PBXVariantGroup section */

/* Begin XCBuildConfiguration section */
		5F7163BA1B745D2100E98B3B /* Debug */ = {
			isa = XCBuildConfiguration;
			buildSettings = {
				ALWAYS_SEARCH_USER_PATHS = NO;
				CLANG_CXX_LANGUAGE_STANDARD = "gnu++0x";
				CLANG_CXX_LIBRARY = "libc++";
				CLANG_ENABLE_MODULES = YES;
				CLANG_ENABLE_OBJC_ARC = YES;
				CLANG_WARN_BOOL_CONVERSION = YES;
				CLANG_WARN_CONSTANT_CONVERSION = YES;
				CLANG_WARN_DIRECT_OBJC_ISA_USAGE = YES_ERROR;
				CLANG_WARN_EMPTY_BODY = YES;
				CLANG_WARN_ENUM_CONVERSION = YES;
				CLANG_WARN_INT_CONVERSION = YES;
				CLANG_WARN_OBJC_ROOT_CLASS = YES_ERROR;
				CLANG_WARN_UNREACHABLE_CODE = YES;
				CLANG_WARN__DUPLICATE_METHOD_MATCH = YES;
				"CODE_SIGN_IDENTITY[sdk=iphoneos*]" = "iPhone Developer";
				COPY_PHASE_STRIP = NO;
				DEBUG_INFORMATION_FORMAT = "dwarf-with-dsym";
				ENABLE_STRICT_OBJC_MSGSEND = YES;
				GCC_C_LANGUAGE_STANDARD = gnu99;
				GCC_DYNAMIC_NO_PIC = NO;
				GCC_NO_COMMON_BLOCKS = YES;
				GCC_OPTIMIZATION_LEVEL = 0;
				GCC_PREPROCESSOR_DEFINITIONS = (
					"DEBUG=1",
					"$(inherited)",
				);
				GCC_SYMBOLS_PRIVATE_EXTERN = NO;
				GCC_WARN_64_TO_32_BIT_CONVERSION = YES;
				GCC_WARN_ABOUT_RETURN_TYPE = YES_ERROR;
				GCC_WARN_UNDECLARED_SELECTOR = YES;
				GCC_WARN_UNINITIALIZED_AUTOS = YES_AGGRESSIVE;
				GCC_WARN_UNUSED_FUNCTION = YES;
				GCC_WARN_UNUSED_VARIABLE = YES;
				IPHONEOS_DEPLOYMENT_TARGET = 8.4;
				MTL_ENABLE_DEBUG_INFO = YES;
				ONLY_ACTIVE_ARCH = YES;
				SDKROOT = iphoneos;
				TARGETED_DEVICE_FAMILY = "1,2";
			};
			name = Debug;
		};
		5F7163BB1B745D2100E98B3B /* Release */ = {
			isa = XCBuildConfiguration;
			buildSettings = {
				ALWAYS_SEARCH_USER_PATHS = NO;
				CLANG_CXX_LANGUAGE_STANDARD = "gnu++0x";
				CLANG_CXX_LIBRARY = "libc++";
				CLANG_ENABLE_MODULES = YES;
				CLANG_ENABLE_OBJC_ARC = YES;
				CLANG_WARN_BOOL_CONVERSION = YES;
				CLANG_WARN_CONSTANT_CONVERSION = YES;
				CLANG_WARN_DIRECT_OBJC_ISA_USAGE = YES_ERROR;
				CLANG_WARN_EMPTY_BODY = YES;
				CLANG_WARN_ENUM_CONVERSION = YES;
				CLANG_WARN_INT_CONVERSION = YES;
				CLANG_WARN_OBJC_ROOT_CLASS = YES_ERROR;
				CLANG_WARN_UNREACHABLE_CODE = YES;
				CLANG_WARN__DUPLICATE_METHOD_MATCH = YES;
				"CODE_SIGN_IDENTITY[sdk=iphoneos*]" = "iPhone Developer";
				COPY_PHASE_STRIP = NO;
				DEBUG_INFORMATION_FORMAT = "dwarf-with-dsym";
				ENABLE_NS_ASSERTIONS = NO;
				ENABLE_STRICT_OBJC_MSGSEND = YES;
				GCC_C_LANGUAGE_STANDARD = gnu99;
				GCC_NO_COMMON_BLOCKS = YES;
				GCC_WARN_64_TO_32_BIT_CONVERSION = YES;
				GCC_WARN_ABOUT_RETURN_TYPE = YES_ERROR;
				GCC_WARN_UNDECLARED_SELECTOR = YES;
				GCC_WARN_UNINITIALIZED_AUTOS = YES_AGGRESSIVE;
				GCC_WARN_UNUSED_FUNCTION = YES;
				GCC_WARN_UNUSED_VARIABLE = YES;
				IPHONEOS_DEPLOYMENT_TARGET = 8.4;
				MTL_ENABLE_DEBUG_INFO = NO;
				SDKROOT = iphoneos;
				TARGETED_DEVICE_FAMILY = "1,2";
				VALIDATE_PRODUCT = YES;
			};
			name = Release;
		};
		5F7163BD1B745D2100E98B3B /* Debug */ = {
			isa = XCBuildConfiguration;
			buildSettings = {
				ASSETCATALOG_COMPILER_APPICON_NAME = AppIcon;
				INFOPLIST_FILE = Hackerati1/Info.plist;
				IPHONEOS_DEPLOYMENT_TARGET = 7.0;
				LD_RUNPATH_SEARCH_PATHS = "$(inherited) @executable_path/Frameworks";
				PRODUCT_NAME = "$(TARGET_NAME)";
			};
			name = Debug;
		};
		5F7163BE1B745D2100E98B3B /* Release */ = {
			isa = XCBuildConfiguration;
			buildSettings = {
				ASSETCATALOG_COMPILER_APPICON_NAME = AppIcon;
				INFOPLIST_FILE = Hackerati1/Info.plist;
				IPHONEOS_DEPLOYMENT_TARGET = 7.0;
				LD_RUNPATH_SEARCH_PATHS = "$(inherited) @executable_path/Frameworks";
				PRODUCT_NAME = "$(TARGET_NAME)";
			};
			name = Release;
		};
		5F7163C01B745D2100E98B3B /* Debug */ = {
			isa = XCBuildConfiguration;
			buildSettings = {
				BUNDLE_LOADER = "$(TEST_HOST)";
				FRAMEWORK_SEARCH_PATHS = (
					"$(SDKROOT)/Developer/Library/Frameworks",
					"$(inherited)",
				);
				GCC_PREPROCESSOR_DEFINITIONS = (
					"DEBUG=1",
					"$(inherited)",
				);
				INFOPLIST_FILE = Hackerati1Tests/Info.plist;
				LD_RUNPATH_SEARCH_PATHS = "$(inherited) @executable_path/Frameworks @loader_path/Frameworks";
				PRODUCT_NAME = "$(TARGET_NAME)";
				TEST_HOST = "$(BUILT_PRODUCTS_DIR)/Hackerati1.app/Hackerati1";
			};
			name = Debug;
		};
		5F7163C11B745D2100E98B3B /* Release */ = {
			isa = XCBuildConfiguration;
			buildSettings = {
				BUNDLE_LOADER = "$(TEST_HOST)";
				FRAMEWORK_SEARCH_PATHS = (
					"$(SDKROOT)/Developer/Library/Frameworks",
					"$(inherited)",
				);
				INFOPLIST_FILE = Hackerati1Tests/Info.plist;
				LD_RUNPATH_SEARCH_PATHS = "$(inherited) @executable_path/Frameworks @loader_path/Frameworks";
				PRODUCT_NAME = "$(TARGET_NAME)";
				TEST_HOST = "$(BUILT_PRODUCTS_DIR)/Hackerati1.app/Hackerati1";
			};
			name = Release;
		};
/* End XCBuildConfiguration section */

/* Begin XCConfigurationList section */
		5F71638E1B745D2100E98B3B /* Build configuration list for PBXProject "Hackerati1" */ = {
			isa = XCConfigurationList;
			buildConfigurations = (
				5F7163BA1B745D2100E98B3B /* Debug */,
				5F7163BB1B745D2100E98B3B /* Release */,
			);
			defaultConfigurationIsVisible = 0;
			defaultConfigurationName = Release;
		};
		5F7163BC1B745D2100E98B3B /* Build configuration list for PBXNativeTarget "Hackerati1" */ = {
			isa = XCConfigurationList;
			buildConfigurations = (
				5F7163BD1B745D2100E98B3B /* Debug */,
				5F7163BE1B745D2100E98B3B /* Release */,
			);
			defaultConfigurationIsVisible = 0;
			defaultConfigurationName = Release;
		};
		5F7163BF1B745D2100E98B3B /* Build configuration list for PBXNativeTarget "Hackerati1Tests" */ = {
			isa = XCConfigurationList;
			buildConfigurations = (
				5F7163C01B745D2100E98B3B /* Debug */,
				5F7163C11B745D2100E98B3B /* Release */,
			);
			defaultConfigurationIsVisible = 0;
			defaultConfigurationName = Release;
		};
/* End XCConfigurationList section */

/* Begin XCVersionGroup section */
		5F71639D1B745D2100E98B3B /* Hackerati1.xcdatamodeld */ = {
			isa = XCVersionGroup;
			children = (
				5F71639E1B745D2100E98B3B /* Hackerati1.xcdatamodel */,
			);
			currentVersion = 5F71639E1B745D2100E98B3B /* Hackerati1.xcdatamodel */;
			path = Hackerati1.xcdatamodeld;
			sourceTree = "<group>";
			versionGroupType = wrapper.xcdatamodel;
		};
/* End XCVersionGroup section */
	};
	rootObject = 5F71638B1B745D2100E98B3B /* Project object */;
}
